
Microsoft Visual Studio Solution File, Format Version 11.00
# Visual Studio Version 16
Project("{8BC9CEB8-8B4A-11D0-8D11-00A0C91BC942}") = "3d", "3d.vcxproj", "{7ADA3025-0B84-4F71-AAEF-43BDE9D1949B}"
EndProject
Project("{8BC9CEB8-8B4A-11D0-8D11-00A0C91BC942}") = "3d_multi", "3d_multi.vcxproj", "{518E12A6-0F7B-489A-A179-51A6CE59ED7C}"
EndProject
Project("{8BC9CEB8-8B4A-11D0-8D11-00A0C91BC942}") = "event_parameter", "event_parameter.vcxproj", "{E9C1785F-A42C-483A-B3DB-4AE0A68CE795}"
EndProject
Project("{8BC9CEB8-8B4A-11D0-8D11-00A0C91BC942}") = "load_banks", "load_banks.vcxproj", "{67F5E4D3-7A8F-4794-9972-CC503EF6ECF4}"
EndProject
Project("{8BC9CEB8-8B4A-11D0-8D11-00A0C91BC942}") = "music_callbacks", "music_callbacks.vcxproj", "{146607CA-51A9-4E8B-AD4C-154A76661B9A}"
EndProject
Project("{8BC9CEB8-8B4A-11D0-8D11-00A0C91BC942}") = "objectpan", "objectpan.vcxproj", "{3C6F8B1A-BF0D-4E85-BFDE-C7B1414FA6AB}"
EndProject
Project("{8BC9CEB8-8B4A-11D0-8D11-00A0C91BC942}") = "programmer_sound", "programmer_sound.vcxproj", "{B355F251-BCDD-4F0A-A313-137678FC3E99}"
EndProject
Project("{8BC9CEB8-8B4A-11D0-8D11-00A0C91BC942}") = "recording_playback", "recording_playback.vcxproj", "{B328859C-5F7D-42D1-8798-A13660864952}"
EndProject
Project("{8BC9CEB8-8B4A-11D0-8D11-00A0C91BC942}") = "simple_event", "simple_event.vcxproj", "{527A7514-EEFC-40E2-B2BF-2F1097A2128D}"
EndProject
Global
	GlobalSection(SolutionConfigurationPlatforms) = preSolution
		Debug|Win32 = Debug|Win32
		Debug|x64 = Debug|x64
		Debug|ARM64 = Debug|ARM64
		Release|Win32 = Release|Win32
		Release|x64 = Release|x64
		Release|ARM64 = Release|ARM64
	EndGlobalSection
	GlobalSection(ProjectConfigurationPlatforms) = postSolution
		{7ADA3025-0B84-4F71-AAEF-43BDE9D1949B}.Debug|Win32.ActiveCfg = Debug|Win32
		{7ADA3025-0B84-4F71-AAEF-43BDE9D1949B}.Debug|Win32.Build.0 = Debug|Win32
		{7ADA3025-0B84-4F71-AAEF-43BDE9D1949B}.Debug|Win32.Deploy.0 = Debug|Win32
		{7ADA3025-0B84-4F71-AAEF-43BDE9D1949B}.Debug|x64.ActiveCfg = Debug|x64
		{7ADA3025-0B84-4F71-AAEF-43BDE9D1949B}.Debug|x64.Build.0 = Debug|x64
		{7ADA3025-0B84-4F71-AAEF-43BDE9D1949B}.Debug|x64.Deploy.0 = Debug|x64
		{7ADA3025-0B84-4F71-AAEF-43BDE9D1949B}.Debug|ARM64.ActiveCfg = Debug|ARM64
		{7ADA3025-0B84-4F71-AAEF-43BDE9D1949B}.Debug|ARM64.Build.0 = Debug|ARM64
		{7ADA3025-0B84-4F71-AAEF-43BDE9D1949B}.Debug|ARM64.Deploy.0 = Debug|ARM64
		{7ADA3025-0B84-4F71-AAEF-43BDE9D1949B}.Release|Win32.ActiveCfg = Release|Win32
		{7ADA3025-0B84-4F71-AAEF-43BDE9D1949B}.Release|Win32.Build.0 = Release|Win32
		{7ADA3025-0B84-4F71-AAEF-43BDE9D1949B}.Release|Win32.Deploy.0 = Release|Win32
		{7ADA3025-0B84-4F71-AAEF-43BDE9D1949B}.Release|x64.ActiveCfg = Release|x64
		{7ADA3025-0B84-4F71-AAEF-43BDE9D1949B}.Release|x64.Build.0 = Release|x64
		{7ADA3025-0B84-4F71-AAEF-43BDE9D1949B}.Release|x64.Deploy.0 = Release|x64
		{7ADA3025-0B84-4F71-AAEF-43BDE9D1949B}.Release|ARM64.ActiveCfg = Release|ARM64
		{7ADA3025-0B84-4F71-AAEF-43BDE9D1949B}.Release|ARM64.Build.0 = Release|ARM64
		{7ADA3025-0B84-4F71-AAEF-43BDE9D1949B}.Release|ARM64.Deploy.0 = Release|ARM64
		{518E12A6-0F7B-489A-A179-51A6CE59ED7C}.Debug|Win32.ActiveCfg = Debug|Win32
		{518E12A6-0F7B-489A-A179-51A6CE59ED7C}.Debug|Win32.Build.0 = Debug|Win32
		{518E12A6-0F7B-489A-A179-51A6CE59ED7C}.Debug|Win32.Deploy.0 = Debug|Win32
		{518E12A6-0F7B-489A-A179-51A6CE59ED7C}.Debug|x64.ActiveCfg = Debug|x64
		{518E12A6-0F7B-489A-A179-51A6CE59ED7C}.Debug|x64.Build.0 = Debug|x64
		{518E12A6-0F7B-489A-A179-51A6CE59ED7C}.Debug|x64.Deploy.0 = Debug|x64
		{518E12A6-0F7B-489A-A179-51A6CE59ED7C}.Debug|ARM64.ActiveCfg = Debug|ARM64
		{518E12A6-0F7B-489A-A179-51A6CE59ED7C}.Debug|ARM64.Build.0 = Debug|ARM64
		{518E12A6-0F7B-489A-A179-51A6CE59ED7C}.Debug|ARM64.Deploy.0 = Debug|ARM64
		{518E12A6-0F7B-489A-A179-51A6CE59ED7C}.Release|Win32.ActiveCfg = Release|Win32
		{518E12A6-0F7B-489A-A179-51A6CE59ED7C}.Release|Win32.Build.0 = Release|Win32
		{518E12A6-0F7B-489A-A179-51A6CE59ED7C}.Release|Win32.Deploy.0 = Release|Win32
		{518E12A6-0F7B-489A-A179-51A6CE59ED7C}.Release|x64.ActiveCfg = Release|x64
		{518E12A6-0F7B-489A-A179-51A6CE59ED7C}.Release|x64.Build.0 = Release|x64
		{518E12A6-0F7B-489A-A179-51A6CE59ED7C}.Release|x64.Deploy.0 = Release|x64
		{518E12A6-0F7B-489A-A179-51A6CE59ED7C}.Release|ARM64.ActiveCfg = Release|ARM64
		{518E12A6-0F7B-489A-A179-51A6CE59ED7C}.Release|ARM64.Build.0 = Release|ARM64
		{518E12A6-0F7B-489A-A179-51A6CE59ED7C}.Release|ARM64.Deploy.0 = Release|ARM64
		{E9C1785F-A42C-483A-B3DB-4AE0A68CE795}.Debug|Win32.ActiveCfg = Debug|Win32
		{E9C1785F-A42C-483A-B3DB-4AE0A68CE795}.Debug|Win32.Build.0 = Debug|Win32
		{E9C1785F-A42C-483A-B3DB-4AE0A68CE795}.Debug|Win32.Deploy.0 = Debug|Win32
		{E9C1785F-A42C-483A-B3DB-4AE0A68CE795}.Debug|x64.ActiveCfg = Debug|x64
		{E9C1785F-A42C-483A-B3DB-4AE0A68CE795}.Debug|x64.Build.0 = Debug|x64
		{E9C1785F-A42C-483A-B3DB-4AE0A68CE795}.Debug|x64.Deploy.0 = Debug|x64
		{E9C1785F-A42C-483A-B3DB-4AE0A68CE795}.Debug|ARM64.ActiveCfg = Debug|ARM64
		{E9C1785F-A42C-483A-B3DB-4AE0A68CE795}.Debug|ARM64.Build.0 = Debug|ARM64
		{E9C1785F-A42C-483A-B3DB-4AE0A68CE795}.Debug|ARM64.Deploy.0 = Debug|ARM64
		{E9C1785F-A42C-483A-B3DB-4AE0A68CE795}.Release|Win32.ActiveCfg = Release|Win32
		{E9C1785F-A42C-483A-B3DB-4AE0A68CE795}.Release|Win32.Build.0 = Release|Win32
		{E9C1785F-A42C-483A-B3DB-4AE0A68CE795}.Release|Win32.Deploy.0 = Release|Win32
		{E9C1785F-A42C-483A-B3DB-4AE0A68CE795}.Release|x64.ActiveCfg = Release|x64
		{E9C1785F-A42C-483A-B3DB-4AE0A68CE795}.Release|x64.Build.0 = Release|x64
		{E9C1785F-A42C-483A-B3DB-4AE0A68CE795}.Release|x64.Deploy.0 = Release|x64
		{E9C1785F-A42C-483A-B3DB-4AE0A68CE795}.Release|ARM64.ActiveCfg = Release|ARM64
		{E9C1785F-A42C-483A-B3DB-4AE0A68CE795}.Release|ARM64.Build.0 = Release|ARM64
		{E9C1785F-A42C-483A-B3DB-4AE0A68CE795}.Release|ARM64.Deploy.0 = Release|ARM64
		{67F5E4D3-7A8F-4794-9972-CC503EF6ECF4}.Debug|Win32.ActiveCfg = Debug|Win32
		{67F5E4D3-7A8F-4794-9972-CC503EF6ECF4}.Debug|Win32.Build.0 = Debug|Win32
		{67F5E4D3-7A8F-4794-9972-CC503EF6ECF4}.Debug|Win32.Deploy.0 = Debug|Win32
		{67F5E4D3-7A8F-4794-9972-CC503EF6ECF4}.Debug|x64.ActiveCfg = Debug|x64
		{67F5E4D3-7A8F-4794-9972-CC503EF6ECF4}.Debug|x64.Build.0 = Debug|x64
		{67F5E4D3-7A8F-4794-9972-CC503EF6ECF4}.Debug|x64.Deploy.0 = Debug|x64
		{67F5E4D3-7A8F-4794-9972-CC503EF6ECF4}.Debug|ARM64.ActiveCfg = Debug|ARM64
		{67F5E4D3-7A8F-4794-9972-CC503EF6ECF4}.Debug|ARM64.Build.0 = Debug|ARM64
		{67F5E4D3-7A8F-4794-9972-CC503EF6ECF4}.Debug|ARM64.Deploy.0 = Debug|ARM64
		{67F5E4D3-7A8F-4794-9972-CC503EF6ECF4}.Release|Win32.ActiveCfg = Release|Win32
		{67F5E4D3-7A8F-4794-9972-CC503EF6ECF4}.Release|Win32.Build.0 = Release|Win32
		{67F5E4D3-7A8F-4794-9972-CC503EF6ECF4}.Release|Win32.Deploy.0 = Release|Win32
		{67F5E4D3-7A8F-4794-9972-CC503EF6ECF4}.Release|x64.ActiveCfg = Release|x64
		{67F5E4D3-7A8F-4794-9972-CC503EF6ECF4}.Release|x64.Build.0 = Release|x64
		{67F5E4D3-7A8F-4794-9972-CC503EF6ECF4}.Release|x64.Deploy.0 = Release|x64
		{67F5E4D3-7A8F-4794-9972-CC503EF6ECF4}.Release|ARM64.ActiveCfg = Release|ARM64
		{67F5E4D3-7A8F-4794-9972-CC503EF6ECF4}.Release|ARM64.Build.0 = Release|ARM64
		{67F5E4D3-7A8F-4794-9972-CC503EF6ECF4}.Release|ARM64.Deploy.0 = Release|ARM64
		{146607CA-51A9-4E8B-AD4C-154A76661B9A}.Debug|Win32.ActiveCfg = Debug|Win32
		{146607CA-51A9-4E8B-AD4C-154A76661B9A}.Debug|Win32.Build.0 = Debug|Win32
		{146607CA-51A9-4E8B-AD4C-154A76661B9A}.Debug|Win32.Deploy.0 = Debug|Win32
		{146607CA-51A9-4E8B-AD4C-154A76661B9A}.Debug|x64.ActiveCfg = Debug|x64
		{146607CA-51A9-4E8B-AD4C-154A76661B9A}.Debug|x64.Build.0 = Debug|x64
		{146607CA-51A9-4E8B-AD4C-154A76661B9A}.Debug|x64.Deploy.0 = Debug|x64
		{146607CA-51A9-4E8B-AD4C-154A76661B9A}.Debug|ARM64.ActiveCfg = Debug|ARM64
		{146607CA-51A9-4E8B-AD4C-154A76661B9A}.Debug|ARM64.Build.0 = Debug|ARM64
		{146607CA-51A9-4E8B-AD4C-154A76661B9A}.Debug|ARM64.Deploy.0 = Debug|ARM64
		{146607CA-51A9-4E8B-AD4C-154A76661B9A}.Release|Win32.ActiveCfg = Release|Win32
		{146607CA-51A9-4E8B-AD4C-154A76661B9A}.Release|Win32.Build.0 = Release|Win32
		{146607CA-51A9-4E8B-AD4C-154A76661B9A}.Release|Win32.Deploy.0 = Release|Win32
		{146607CA-51A9-4E8B-AD4C-154A76661B9A}.Release|x64.ActiveCfg = Release|x64
		{146607CA-51A9-4E8B-AD4C-154A76661B9A}.Release|x64.Build.0 = Release|x64
		{146607CA-51A9-4E8B-AD4C-154A76661B9A}.Release|x64.Deploy.0 = Release|x64
		{146607CA-51A9-4E8B-AD4C-154A76661B9A}.Release|ARM64.ActiveCfg = Release|ARM64
		{146607CA-51A9-4E8B-AD4C-154A76661B9A}.Release|ARM64.Build.0 = Release|ARM64
		{146607CA-51A9-4E8B-AD4C-154A76661B9A}.Release|ARM64.Deploy.0 = Release|ARM64
		{3C6F8B1A-BF0D-4E85-BFDE-C7B1414FA6AB}.Debug|Win32.ActiveCfg = Debug|Win32
		{3C6F8B1A-BF0D-4E85-BFDE-C7B1414FA6AB}.Debug|Win32.Build.0 = Debug|Win32
		{3C6F8B1A-BF0D-4E85-BFDE-C7B1414FA6AB}.Debug|Win32.Deploy.0 = Debug|Win32
		{3C6F8B1A-BF0D-4E85-BFDE-C7B1414FA6AB}.Debug|x64.ActiveCfg = Debug|x64
		{3C6F8B1A-BF0D-4E85-BFDE-C7B1414FA6AB}.Debug|x64.Build.0 = Debug|x64
		{3C6F8B1A-BF0D-4E85-BFDE-C7B1414FA6AB}.Debug|x64.Deploy.0 = Debug|x64
		{3C6F8B1A-BF0D-4E85-BFDE-C7B1414FA6AB}.Debug|ARM64.ActiveCfg = Debug|ARM64
		{3C6F8B1A-BF0D-4E85-BFDE-C7B1414FA6AB}.Debug|ARM64.Build.0 = Debug|ARM64
		{3C6F8B1A-BF0D-4E85-BFDE-C7B1414FA6AB}.Debug|ARM64.Deploy.0 = Debug|ARM64
		{3C6F8B1A-BF0D-4E85-BFDE-C7B1414FA6AB}.Release|Win32.ActiveCfg = Release|Win32
		{3C6F8B1A-BF0D-4E85-BFDE-C7B1414FA6AB}.Release|Win32.Build.0 = Release|Win32
		{3C6F8B1A-BF0D-4E85-BFDE-C7B1414FA6AB}.Release|Win32.Deploy.0 = Release|Win32
		{3C6F8B1A-BF0D-4E85-BFDE-C7B1414FA6AB}.Release|x64.ActiveCfg = Release|x64
		{3C6F8B1A-BF0D-4E85-BFDE-C7B1414FA6AB}.Release|x64.Build.0 = Release|x64
		{3C6F8B1A-BF0D-4E85-BFDE-C7B1414FA6AB}.Release|x64.Deploy.0 = Release|x64
		{3C6F8B1A-BF0D-4E85-BFDE-C7B1414FA6AB}.Release|ARM64.ActiveCfg = Release|ARM64
		{3C6F8B1A-BF0D-4E85-BFDE-C7B1414FA6AB}.Release|ARM64.Build.0 = Release|ARM64
		{3C6F8B1A-BF0D-4E85-BFDE-C7B1414FA6AB}.Release|ARM64.Deploy.0 = Release|ARM64
		{B355F251-BCDD-4F0A-A313-137678FC3E99}.Debug|Win32.ActiveCfg = Debug|Win32
		{B355F251-BCDD-4F0A-A313-137678FC3E99}.Debug|Win32.Build.0 = Debug|Win32
		{B355F251-BCDD-4F0A-A313-137678FC3E99}.Debug|Win32.Deploy.0 = Debug|Win32
		{B355F251-BCDD-4F0A-A313-137678FC3E99}.Debug|x64.ActiveCfg = Debug|x64
		{B355F251-BCDD-4F0A-A313-137678FC3E99}.Debug|x64.Build.0 = Debug|x64
		{B355F251-BCDD-4F0A-A313-137678FC3E99}.Debug|x64.Deploy.0 = Debug|x64
		{B355F251-BCDD-4F0A-A313-137678FC3E99}.Debug|ARM64.ActiveCfg = Debug|ARM64
		{B355F251-BCDD-4F0A-A313-137678FC3E99}.Debug|ARM64.Build.0 = Debug|ARM64
		{B355F251-BCDD-4F0A-A313-137678FC3E99}.Debug|ARM64.Deploy.0 = Debug|ARM64
		{B355F251-BCDD-4F0A-A313-137678FC3E99}.Release|Win32.ActiveCfg = Release|Win32
		{B355F251-BCDD-4F0A-A313-137678FC3E99}.Release|Win32.Build.0 = Release|Win32
		{B355F251-BCDD-4F0A-A313-137678FC3E99}.Release|Win32.Deploy.0 = Release|Win32
		{B355F251-BCDD-4F0A-A313-137678FC3E99}.Release|x64.ActiveCfg = Release|x64
		{B355F251-BCDD-4F0A-A313-137678FC3E99}.Release|x64.Build.0 = Release|x64
		{B355F251-BCDD-4F0A-A313-137678FC3E99}.Release|x64.Deploy.0 = Release|x64
		{B355F251-BCDD-4F0A-A313-137678FC3E99}.Release|ARM64.ActiveCfg = Release|ARM64
		{B355F251-BCDD-4F0A-A313-137678FC3E99}.Release|ARM64.Build.0 = Release|ARM64
		{B355F251-BCDD-4F0A-A313-137678FC3E99}.Release|ARM64.Deploy.0 = Release|ARM64
		{B328859C-5F7D-42D1-8798-A13660864952}.Debug|Win32.ActiveCfg = Debug|Win32
		{B328859C-5F7D-42D1-8798-A13660864952}.Debug|Win32.Build.0 = Debug|Win32
		{B328859C-5F7D-42D1-8798-A13660864952}.Debug|Win32.Deploy.0 = Debug|Win32
		{B328859C-5F7D-42D1-8798-A13660864952}.Debug|x64.ActiveCfg = Debug|x64
		{B328859C-5F7D-42D1-8798-A13660864952}.Debug|x64.Build.0 = Debug|x64
		{B328859C-5F7D-42D1-8798-A13660864952}.Debug|x64.Deploy.0 = Debug|x64
		{B328859C-5F7D-42D1-8798-A13660864952}.Debug|ARM64.ActiveCfg = Debug|ARM64
		{B328859C-5F7D-42D1-8798-A13660864952}.Debug|ARM64.Build.0 = Debug|ARM64
		{B328859C-5F7D-42D1-8798-A13660864952}.Debug|ARM64.Deploy.0 = Debug|ARM64
		{B328859C-5F7D-42D1-8798-A13660864952}.Release|Win32.ActiveCfg = Release|Win32
		{B328859C-5F7D-42D1-8798-A13660864952}.Release|Win32.Build.0 = Release|Win32
		{B328859C-5F7D-42D1-8798-A13660864952}.Release|Win32.Deploy.0 = Release|Win32
		{B328859C-5F7D-42D1-8798-A13660864952}.Release|x64.ActiveCfg = Release|x64
		{B328859C-5F7D-42D1-8798-A13660864952}.Release|x64.Build.0 = Release|x64
		{B328859C-5F7D-42D1-8798-A13660864952}.Release|x64.Deploy.0 = Release|x64
		{B328859C-5F7D-42D1-8798-A13660864952}.Release|ARM64.ActiveCfg = Release|ARM64
		{B328859C-5F7D-42D1-8798-A13660864952}.Release|ARM64.Build.0 = Release|ARM64
		{B328859C-5F7D-42D1-8798-A13660864952}.Release|ARM64.Deploy.0 = Release|ARM64
		{527A7514-EEFC-40E2-B2BF-2F1097A2128D}.Debug|Win32.ActiveCfg = Debug|Win32
		{527A7514-EEFC-40E2-B2BF-2F1097A2128D}.Debug|Win32.Build.0 = Debug|Win32
		{527A7514-EEFC-40E2-B2BF-2F1097A2128D}.Debug|Win32.Deploy.0 = Debug|Win32
		{527A7514-EEFC-40E2-B2BF-2F1097A2128D}.Debug|x64.ActiveCfg = Debug|x64
		{527A7514-EEFC-40E2-B2BF-2F1097A2128D}.Debug|x64.Build.0 = Debug|x64
		{527A7514-EEFC-40E2-B2BF-2F1097A2128D}.Debug|x64.Deploy.0 = Debug|x64
		{527A7514-EEFC-40E2-B2BF-2F1097A2128D}.Debug|ARM64.ActiveCfg = Debug|ARM64
		{527A7514-EEFC-40E2-B2BF-2F1097A2128D}.Debug|ARM64.Build.0 = Debug|ARM64
		{527A7514-EEFC-40E2-B2BF-2F1097A2128D}.Debug|ARM64.Deploy.0 = Debug|ARM64
		{527A7514-EEFC-40E2-B2BF-2F1097A2128D}.Release|Win32.ActiveCfg = Release|Win32
		{527A7514-EEFC-40E2-B2BF-2F1097A2128D}.Release|Win32.Build.0 = Release|Win32
		{527A7514-EEFC-40E2-B2BF-2F1097A2128D}.Release|Win32.Deploy.0 = Release|Win32
		{527A7514-EEFC-40E2-B2BF-2F1097A2128D}.Release|x64.ActiveCfg = Release|x64
		{527A7514-EEFC-40E2-B2BF-2F1097A2128D}.Release|x64.Build.0 = Release|x64
		{527A7514-EEFC-40E2-B2BF-2F1097A2128D}.Release|x64.Deploy.0 = Release|x64
		{527A7514-EEFC-40E2-B2BF-2F1097A2128D}.Release|ARM64.ActiveCfg = Release|ARM64
		{527A7514-EEFC-40E2-B2BF-2F1097A2128D}.Release|ARM64.Build.0 = Release|ARM64
		{527A7514-EEFC-40E2-B2BF-2F1097A2128D}.Release|ARM64.Deploy.0 = Release|ARM64
	EndGlobalSection
	GlobalSection(SolutionProperties) = preSolution
		HideSolutionNode = FALSE
	EndGlobalSection
EndGlobal
