
Microsoft Visual Studio Solution File, Format Version 11.00
# Visual Studio 15
Project("{8BC9CEB8-8B4A-11D0-8D11-00A0C91BC942}") = "3d", "3d.vcxproj", "{0D19AC31-DA2E-4CBC-8758-BAA14A56909F}"
EndProject
Project("{8BC9CEB8-8B4A-11D0-8D11-00A0C91BC942}") = "asyncio", "asyncio.vcxproj", "{50CFE11F-DE11-4D3E-A9D7-62A2299DF37D}"
EndProject
Project("{8BC9CEB8-8B4A-11D0-8D11-00A0C91BC942}") = "channel_groups", "channel_groups.vcxproj", "{AE51D68C-828A-4280-ADD1-506E2152007F}"
EndProject
Project("{8BC9CEB8-8B4A-11D0-8D11-00A0C91BC942}") = "convolution_reverb", "convolution_reverb.vcxproj", "{537A0FAB-CD88-411B-A49F-9D6F4EF001D9}"
EndProject
Project("{8BC9CEB8-8B4A-11D0-8D11-00A0C91BC942}") = "dsp_custom", "dsp_custom.vcxproj", "{DCAFB6C2-5966-404C-9AC2-E13AD8FE8225}"
EndProject
Project("{8BC9CEB8-8B4A-11D0-8D11-00A0C91BC942}") = "dsp_effect_per_speaker", "dsp_effect_per_speaker.vcxproj", "{14C805CE-8917-4F73-A32B-0C8D5A54837B}"
EndProject
Project("{8BC9CEB8-8B4A-11D0-8D11-00A0C91BC942}") = "dsp_inspector", "dsp_inspector.vcxproj", "{1E12E7DF-2BD9-4938-8C4D-E8149849B1D0}"
EndProject
Project("{8BC9CEB8-8B4A-11D0-8D11-00A0C91BC942}") = "effects", "effects.vcxproj", "{FD6573B0-375B-46BC-8D38-805DD74978FA}"
EndProject
Project("{8BC9CEB8-8B4A-11D0-8D11-00A0C91BC942}") = "gapless_playback", "gapless_playback.vcxproj", "{93A76025-6FF9-48C8-84D8-6B554C22C0BA}"
EndProject
Project("{8BC9CEB8-8B4A-11D0-8D11-00A0C91BC942}") = "generate_tone", "generate_tone.vcxproj", "{A4B0F12D-D3E1-462B-901C-FCF1D6927339}"
EndProject
Project("{8BC9CEB8-8B4A-11D0-8D11-00A0C91BC942}") = "granular_synth", "granular_synth.vcxproj", "{84D15F74-BBAF-46F8-AC0F-FD47DDDA0ED1}"
EndProject
Project("{8BC9CEB8-8B4A-11D0-8D11-00A0C91BC942}") = "load_from_memory", "load_from_memory.vcxproj", "{2A0B45EF-753D-456E-97D5-79A37D3CA4B5}"
EndProject
Project("{8BC9CEB8-8B4A-11D0-8D11-00A0C91BC942}") = "multiple_speaker", "multiple_speaker.vcxproj", "{B0ECB26D-D8A9-4B29-BD3A-4CFCCE015102}"
EndProject
Project("{8BC9CEB8-8B4A-11D0-8D11-00A0C91BC942}") = "multiple_system", "multiple_system.vcxproj", "{373B56C4-504A-44B2-B4E5-B3E22DA78252}"
EndProject
Project("{8BC9CEB8-8B4A-11D0-8D11-00A0C91BC942}") = "net_stream", "net_stream.vcxproj", "{D01CDD03-ED3C-4062-A062-CDF1995623FF}"
EndProject
Project("{8BC9CEB8-8B4A-11D0-8D11-00A0C91BC942}") = "play_sound", "play_sound.vcxproj", "{16AB5254-D2C6-40AC-B868-D6B26BFB4E1E}"
EndProject
Project("{8BC9CEB8-8B4A-11D0-8D11-00A0C91BC942}") = "play_stream", "play_stream.vcxproj", "{98209C69-9028-47BF-8355-CED534CED8FD}"
EndProject
Project("{8BC9CEB8-8B4A-11D0-8D11-00A0C91BC942}") = "record", "record.vcxproj", "{B9EA331E-7FA4-4B7A-A3E9-E83563F27E74}"
EndProject
Project("{8BC9CEB8-8B4A-11D0-8D11-00A0C91BC942}") = "record_enumeration", "record_enumeration.vcxproj", "{F58E3476-A09D-454E-84FF-4B2CA64331EB}"
EndProject
Project("{8BC9CEB8-8B4A-11D0-8D11-00A0C91BC942}") = "user_created_sound", "user_created_sound.vcxproj", "{EFEF0969-7F29-40D0-B749-96DCB5A44148}"
EndProject
Project("{8BC9CEB8-8B4A-11D0-8D11-00A0C91BC942}") = "fmod_codec_raw", "fmod_codec_raw.vcxproj", "{DE82B4B1-588E-49E6-8095-3DF1B21ACAB3}"
EndProject
Project("{8BC9CEB8-8B4A-11D0-8D11-00A0C91BC942}") = "fmod_distance_filter", "fmod_distance_filter.vcxproj", "{CEB9745F-D40D-497E-82EF-D48317C1B95B}"
EndProject
Project("{8BC9CEB8-8B4A-11D0-8D11-00A0C91BC942}") = "fmod_gain", "fmod_gain.vcxproj", "{52715F1A-D3D3-4F60-AC4F-0DB6F36478EF}"
EndProject
Project("{8BC9CEB8-8B4A-11D0-8D11-00A0C91BC942}") = "fmod_noise", "fmod_noise.vcxproj", "{CD1F71D9-2171-4657-BDE0-E5F8CA3FD423}"
EndProject
Project("{8BC9CEB8-8B4A-11D0-8D11-00A0C91BC942}") = "fmod_rnbo", "fmod_rnbo.vcxproj", "{0F7DE7F6-FD2E-46B5-93D4-76FDA552E84D}"
EndProject
Project("{8BC9CEB8-8B4A-11D0-8D11-00A0C91BC942}") = "output_mp3", "output_mp3.vcxproj", "{ED02C57A-ACAA-4CB8-BE8B-3ED256F2D2E1}"
EndProject
Global
	GlobalSection(SolutionConfigurationPlatforms) = preSolution
		Debug|Win32 = Debug|Win32
		Debug|x64 = Debug|x64
		Debug|ARM64 = Debug|ARM64
		Release|Win32 = Release|Win32
		Release|x64 = Release|x64
		Release|ARM64 = Release|ARM64
	EndGlobalSection
	GlobalSection(ProjectConfigurationPlatforms) = postSolution
		{0D19AC31-DA2E-4CBC-8758-BAA14A56909F}.Debug|Win32.ActiveCfg = Debug|Win32
		{0D19AC31-DA2E-4CBC-8758-BAA14A56909F}.Debug|Win32.Build.0 = Debug|Win32
		{0D19AC31-DA2E-4CBC-8758-BAA14A56909F}.Debug|Win32.Deploy.0 = Debug|Win32
		{0D19AC31-DA2E-4CBC-8758-BAA14A56909F}.Debug|x64.ActiveCfg = Debug|x64
		{0D19AC31-DA2E-4CBC-8758-BAA14A56909F}.Debug|x64.Build.0 = Debug|x64
		{0D19AC31-DA2E-4CBC-8758-BAA14A56909F}.Debug|x64.Deploy.0 = Debug|x64
		{0D19AC31-DA2E-4CBC-8758-BAA14A56909F}.Debug|ARM64.ActiveCfg = Debug|ARM64
		{0D19AC31-DA2E-4CBC-8758-BAA14A56909F}.Debug|ARM64.Build.0 = Debug|ARM64
		{0D19AC31-DA2E-4CBC-8758-BAA14A56909F}.Debug|ARM64.Deploy.0 = Debug|ARM64
		{0D19AC31-DA2E-4CBC-8758-BAA14A56909F}.Release|Win32.ActiveCfg = Release|Win32
		{0D19AC31-DA2E-4CBC-8758-BAA14A56909F}.Release|Win32.Build.0 = Release|Win32
		{0D19AC31-DA2E-4CBC-8758-BAA14A56909F}.Release|Win32.Deploy.0 = Release|Win32
		{0D19AC31-DA2E-4CBC-8758-BAA14A56909F}.Release|x64.ActiveCfg = Release|x64
		{0D19AC31-DA2E-4CBC-8758-BAA14A56909F}.Release|x64.Build.0 = Release|x64
		{0D19AC31-DA2E-4CBC-8758-BAA14A56909F}.Release|x64.Deploy.0 = Release|x64
		{0D19AC31-DA2E-4CBC-8758-BAA14A56909F}.Release|ARM64.ActiveCfg = Release|ARM64
		{0D19AC31-DA2E-4CBC-8758-BAA14A56909F}.Release|ARM64.Build.0 = Release|ARM64
		{0D19AC31-DA2E-4CBC-8758-BAA14A56909F}.Release|ARM64.Deploy.0 = Release|ARM64
		{50CFE11F-DE11-4D3E-A9D7-62A2299DF37D}.Debug|Win32.ActiveCfg = Debug|Win32
		{50CFE11F-DE11-4D3E-A9D7-62A2299DF37D}.Debug|Win32.Build.0 = Debug|Win32
		{50CFE11F-DE11-4D3E-A9D7-62A2299DF37D}.Debug|Win32.Deploy.0 = Debug|Win32
		{50CFE11F-DE11-4D3E-A9D7-62A2299DF37D}.Debug|x64.ActiveCfg = Debug|x64
		{50CFE11F-DE11-4D3E-A9D7-62A2299DF37D}.Debug|x64.Build.0 = Debug|x64
		{50CFE11F-DE11-4D3E-A9D7-62A2299DF37D}.Debug|x64.Deploy.0 = Debug|x64
		{50CFE11F-DE11-4D3E-A9D7-62A2299DF37D}.Debug|ARM64.ActiveCfg = Debug|ARM64
		{50CFE11F-DE11-4D3E-A9D7-62A2299DF37D}.Debug|ARM64.Build.0 = Debug|ARM64
		{50CFE11F-DE11-4D3E-A9D7-62A2299DF37D}.Debug|ARM64.Deploy.0 = Debug|ARM64
		{50CFE11F-DE11-4D3E-A9D7-62A2299DF37D}.Release|Win32.ActiveCfg = Release|Win32
		{50CFE11F-DE11-4D3E-A9D7-62A2299DF37D}.Release|Win32.Build.0 = Release|Win32
		{50CFE11F-DE11-4D3E-A9D7-62A2299DF37D}.Release|Win32.Deploy.0 = Release|Win32
		{50CFE11F-DE11-4D3E-A9D7-62A2299DF37D}.Release|x64.ActiveCfg = Release|x64
		{50CFE11F-DE11-4D3E-A9D7-62A2299DF37D}.Release|x64.Build.0 = Release|x64
		{50CFE11F-DE11-4D3E-A9D7-62A2299DF37D}.Release|x64.Deploy.0 = Release|x64
		{50CFE11F-DE11-4D3E-A9D7-62A2299DF37D}.Release|ARM64.ActiveCfg = Release|ARM64
		{50CFE11F-DE11-4D3E-A9D7-62A2299DF37D}.Release|ARM64.Build.0 = Release|ARM64
		{50CFE11F-DE11-4D3E-A9D7-62A2299DF37D}.Release|ARM64.Deploy.0 = Release|ARM64
		{AE51D68C-828A-4280-ADD1-506E2152007F}.Debug|Win32.ActiveCfg = Debug|Win32
		{AE51D68C-828A-4280-ADD1-506E2152007F}.Debug|Win32.Build.0 = Debug|Win32
		{AE51D68C-828A-4280-ADD1-506E2152007F}.Debug|Win32.Deploy.0 = Debug|Win32
		{AE51D68C-828A-4280-ADD1-506E2152007F}.Debug|x64.ActiveCfg = Debug|x64
		{AE51D68C-828A-4280-ADD1-506E2152007F}.Debug|x64.Build.0 = Debug|x64
		{AE51D68C-828A-4280-ADD1-506E2152007F}.Debug|x64.Deploy.0 = Debug|x64
		{AE51D68C-828A-4280-ADD1-506E2152007F}.Debug|ARM64.ActiveCfg = Debug|ARM64
		{AE51D68C-828A-4280-ADD1-506E2152007F}.Debug|ARM64.Build.0 = Debug|ARM64
		{AE51D68C-828A-4280-ADD1-506E2152007F}.Debug|ARM64.Deploy.0 = Debug|ARM64
		{AE51D68C-828A-4280-ADD1-506E2152007F}.Release|Win32.ActiveCfg = Release|Win32
		{AE51D68C-828A-4280-ADD1-506E2152007F}.Release|Win32.Build.0 = Release|Win32
		{AE51D68C-828A-4280-ADD1-506E2152007F}.Release|Win32.Deploy.0 = Release|Win32
		{AE51D68C-828A-4280-ADD1-506E2152007F}.Release|x64.ActiveCfg = Release|x64
		{AE51D68C-828A-4280-ADD1-506E2152007F}.Release|x64.Build.0 = Release|x64
		{AE51D68C-828A-4280-ADD1-506E2152007F}.Release|x64.Deploy.0 = Release|x64
		{AE51D68C-828A-4280-ADD1-506E2152007F}.Release|ARM64.ActiveCfg = Release|ARM64
		{AE51D68C-828A-4280-ADD1-506E2152007F}.Release|ARM64.Build.0 = Release|ARM64
		{AE51D68C-828A-4280-ADD1-506E2152007F}.Release|ARM64.Deploy.0 = Release|ARM64
		{537A0FAB-CD88-411B-A49F-9D6F4EF001D9}.Debug|Win32.ActiveCfg = Debug|Win32
		{537A0FAB-CD88-411B-A49F-9D6F4EF001D9}.Debug|Win32.Build.0 = Debug|Win32
		{537A0FAB-CD88-411B-A49F-9D6F4EF001D9}.Debug|Win32.Deploy.0 = Debug|Win32
		{537A0FAB-CD88-411B-A49F-9D6F4EF001D9}.Debug|x64.ActiveCfg = Debug|x64
		{537A0FAB-CD88-411B-A49F-9D6F4EF001D9}.Debug|x64.Build.0 = Debug|x64
		{537A0FAB-CD88-411B-A49F-9D6F4EF001D9}.Debug|x64.Deploy.0 = Debug|x64
		{537A0FAB-CD88-411B-A49F-9D6F4EF001D9}.Debug|ARM64.ActiveCfg = Debug|ARM64
		{537A0FAB-CD88-411B-A49F-9D6F4EF001D9}.Debug|ARM64.Build.0 = Debug|ARM64
		{537A0FAB-CD88-411B-A49F-9D6F4EF001D9}.Debug|ARM64.Deploy.0 = Debug|ARM64
		{537A0FAB-CD88-411B-A49F-9D6F4EF001D9}.Release|Win32.ActiveCfg = Release|Win32
		{537A0FAB-CD88-411B-A49F-9D6F4EF001D9}.Release|Win32.Build.0 = Release|Win32
		{537A0FAB-CD88-411B-A49F-9D6F4EF001D9}.Release|Win32.Deploy.0 = Release|Win32
		{537A0FAB-CD88-411B-A49F-9D6F4EF001D9}.Release|x64.ActiveCfg = Release|x64
		{537A0FAB-CD88-411B-A49F-9D6F4EF001D9}.Release|x64.Build.0 = Release|x64
		{537A0FAB-CD88-411B-A49F-9D6F4EF001D9}.Release|x64.Deploy.0 = Release|x64
		{537A0FAB-CD88-411B-A49F-9D6F4EF001D9}.Release|ARM64.ActiveCfg = Release|ARM64
		{537A0FAB-CD88-411B-A49F-9D6F4EF001D9}.Release|ARM64.Build.0 = Release|ARM64
		{537A0FAB-CD88-411B-A49F-9D6F4EF001D9}.Release|ARM64.Deploy.0 = Release|ARM64
		{DCAFB6C2-5966-404C-9AC2-E13AD8FE8225}.Debug|Win32.ActiveCfg = Debug|Win32
		{DCAFB6C2-5966-404C-9AC2-E13AD8FE8225}.Debug|Win32.Build.0 = Debug|Win32
		{DCAFB6C2-5966-404C-9AC2-E13AD8FE8225}.Debug|Win32.Deploy.0 = Debug|Win32
		{DCAFB6C2-5966-404C-9AC2-E13AD8FE8225}.Debug|x64.ActiveCfg = Debug|x64
		{DCAFB6C2-5966-404C-9AC2-E13AD8FE8225}.Debug|x64.Build.0 = Debug|x64
		{DCAFB6C2-5966-404C-9AC2-E13AD8FE8225}.Debug|x64.Deploy.0 = Debug|x64
		{DCAFB6C2-5966-404C-9AC2-E13AD8FE8225}.Debug|ARM64.ActiveCfg = Debug|ARM64
		{DCAFB6C2-5966-404C-9AC2-E13AD8FE8225}.Debug|ARM64.Build.0 = Debug|ARM64
		{DCAFB6C2-5966-404C-9AC2-E13AD8FE8225}.Debug|ARM64.Deploy.0 = Debug|ARM64
		{DCAFB6C2-5966-404C-9AC2-E13AD8FE8225}.Release|Win32.ActiveCfg = Release|Win32
		{DCAFB6C2-5966-404C-9AC2-E13AD8FE8225}.Release|Win32.Build.0 = Release|Win32
		{DCAFB6C2-5966-404C-9AC2-E13AD8FE8225}.Release|Win32.Deploy.0 = Release|Win32
		{DCAFB6C2-5966-404C-9AC2-E13AD8FE8225}.Release|x64.ActiveCfg = Release|x64
		{DCAFB6C2-5966-404C-9AC2-E13AD8FE8225}.Release|x64.Build.0 = Release|x64
		{DCAFB6C2-5966-404C-9AC2-E13AD8FE8225}.Release|x64.Deploy.0 = Release|x64
		{DCAFB6C2-5966-404C-9AC2-E13AD8FE8225}.Release|ARM64.ActiveCfg = Release|ARM64
		{DCAFB6C2-5966-404C-9AC2-E13AD8FE8225}.Release|ARM64.Build.0 = Release|ARM64
		{DCAFB6C2-5966-404C-9AC2-E13AD8FE8225}.Release|ARM64.Deploy.0 = Release|ARM64
		{14C805CE-8917-4F73-A32B-0C8D5A54837B}.Debug|Win32.ActiveCfg = Debug|Win32
		{14C805CE-8917-4F73-A32B-0C8D5A54837B}.Debug|Win32.Build.0 = Debug|Win32
		{14C805CE-8917-4F73-A32B-0C8D5A54837B}.Debug|Win32.Deploy.0 = Debug|Win32
		{14C805CE-8917-4F73-A32B-0C8D5A54837B}.Debug|x64.ActiveCfg = Debug|x64
		{14C805CE-8917-4F73-A32B-0C8D5A54837B}.Debug|x64.Build.0 = Debug|x64
		{14C805CE-8917-4F73-A32B-0C8D5A54837B}.Debug|x64.Deploy.0 = Debug|x64
		{14C805CE-8917-4F73-A32B-0C8D5A54837B}.Debug|ARM64.ActiveCfg = Debug|ARM64
		{14C805CE-8917-4F73-A32B-0C8D5A54837B}.Debug|ARM64.Build.0 = Debug|ARM64
		{14C805CE-8917-4F73-A32B-0C8D5A54837B}.Debug|ARM64.Deploy.0 = Debug|ARM64
		{14C805CE-8917-4F73-A32B-0C8D5A54837B}.Release|Win32.ActiveCfg = Release|Win32
		{14C805CE-8917-4F73-A32B-0C8D5A54837B}.Release|Win32.Build.0 = Release|Win32
		{14C805CE-8917-4F73-A32B-0C8D5A54837B}.Release|Win32.Deploy.0 = Release|Win32
		{14C805CE-8917-4F73-A32B-0C8D5A54837B}.Release|x64.ActiveCfg = Release|x64
		{14C805CE-8917-4F73-A32B-0C8D5A54837B}.Release|x64.Build.0 = Release|x64
		{14C805CE-8917-4F73-A32B-0C8D5A54837B}.Release|x64.Deploy.0 = Release|x64
		{14C805CE-8917-4F73-A32B-0C8D5A54837B}.Release|ARM64.ActiveCfg = Release|ARM64
		{14C805CE-8917-4F73-A32B-0C8D5A54837B}.Release|ARM64.Build.0 = Release|ARM64
		{14C805CE-8917-4F73-A32B-0C8D5A54837B}.Release|ARM64.Deploy.0 = Release|ARM64
		{1E12E7DF-2BD9-4938-8C4D-E8149849B1D0}.Debug|Win32.ActiveCfg = Debug|Win32
		{1E12E7DF-2BD9-4938-8C4D-E8149849B1D0}.Debug|Win32.Build.0 = Debug|Win32
		{1E12E7DF-2BD9-4938-8C4D-E8149849B1D0}.Debug|Win32.Deploy.0 = Debug|Win32
		{1E12E7DF-2BD9-4938-8C4D-E8149849B1D0}.Debug|x64.ActiveCfg = Debug|x64
		{1E12E7DF-2BD9-4938-8C4D-E8149849B1D0}.Debug|x64.Build.0 = Debug|x64
		{1E12E7DF-2BD9-4938-8C4D-E8149849B1D0}.Debug|x64.Deploy.0 = Debug|x64
		{1E12E7DF-2BD9-4938-8C4D-E8149849B1D0}.Debug|ARM64.ActiveCfg = Debug|ARM64
		{1E12E7DF-2BD9-4938-8C4D-E8149849B1D0}.Debug|ARM64.Build.0 = Debug|ARM64
		{1E12E7DF-2BD9-4938-8C4D-E8149849B1D0}.Debug|ARM64.Deploy.0 = Debug|ARM64
		{1E12E7DF-2BD9-4938-8C4D-E8149849B1D0}.Release|Win32.ActiveCfg = Release|Win32
		{1E12E7DF-2BD9-4938-8C4D-E8149849B1D0}.Release|Win32.Build.0 = Release|Win32
		{1E12E7DF-2BD9-4938-8C4D-E8149849B1D0}.Release|Win32.Deploy.0 = Release|Win32
		{1E12E7DF-2BD9-4938-8C4D-E8149849B1D0}.Release|x64.ActiveCfg = Release|x64
		{1E12E7DF-2BD9-4938-8C4D-E8149849B1D0}.Release|x64.Build.0 = Release|x64
		{1E12E7DF-2BD9-4938-8C4D-E8149849B1D0}.Release|x64.Deploy.0 = Release|x64
		{1E12E7DF-2BD9-4938-8C4D-E8149849B1D0}.Release|ARM64.ActiveCfg = Release|ARM64
		{1E12E7DF-2BD9-4938-8C4D-E8149849B1D0}.Release|ARM64.Build.0 = Release|ARM64
		{1E12E7DF-2BD9-4938-8C4D-E8149849B1D0}.Release|ARM64.Deploy.0 = Release|ARM64
		{FD6573B0-375B-46BC-8D38-805DD74978FA}.Debug|Win32.ActiveCfg = Debug|Win32
		{FD6573B0-375B-46BC-8D38-805DD74978FA}.Debug|Win32.Build.0 = Debug|Win32
		{FD6573B0-375B-46BC-8D38-805DD74978FA}.Debug|Win32.Deploy.0 = Debug|Win32
		{FD6573B0-375B-46BC-8D38-805DD74978FA}.Debug|x64.ActiveCfg = Debug|x64
		{FD6573B0-375B-46BC-8D38-805DD74978FA}.Debug|x64.Build.0 = Debug|x64
		{FD6573B0-375B-46BC-8D38-805DD74978FA}.Debug|x64.Deploy.0 = Debug|x64
		{FD6573B0-375B-46BC-8D38-805DD74978FA}.Debug|ARM64.ActiveCfg = Debug|ARM64
		{FD6573B0-375B-46BC-8D38-805DD74978FA}.Debug|ARM64.Build.0 = Debug|ARM64
		{FD6573B0-375B-46BC-8D38-805DD74978FA}.Debug|ARM64.Deploy.0 = Debug|ARM64
		{FD6573B0-375B-46BC-8D38-805DD74978FA}.Release|Win32.ActiveCfg = Release|Win32
		{FD6573B0-375B-46BC-8D38-805DD74978FA}.Release|Win32.Build.0 = Release|Win32
		{FD6573B0-375B-46BC-8D38-805DD74978FA}.Release|Win32.Deploy.0 = Release|Win32
		{FD6573B0-375B-46BC-8D38-805DD74978FA}.Release|x64.ActiveCfg = Release|x64
		{FD6573B0-375B-46BC-8D38-805DD74978FA}.Release|x64.Build.0 = Release|x64
		{FD6573B0-375B-46BC-8D38-805DD74978FA}.Release|x64.Deploy.0 = Release|x64
		{FD6573B0-375B-46BC-8D38-805DD74978FA}.Release|ARM64.ActiveCfg = Release|ARM64
		{FD6573B0-375B-46BC-8D38-805DD74978FA}.Release|ARM64.Build.0 = Release|ARM64
		{FD6573B0-375B-46BC-8D38-805DD74978FA}.Release|ARM64.Deploy.0 = Release|ARM64
		{93A76025-6FF9-48C8-84D8-6B554C22C0BA}.Debug|Win32.ActiveCfg = Debug|Win32
		{93A76025-6FF9-48C8-84D8-6B554C22C0BA}.Debug|Win32.Build.0 = Debug|Win32
		{93A76025-6FF9-48C8-84D8-6B554C22C0BA}.Debug|Win32.Deploy.0 = Debug|Win32
		{93A76025-6FF9-48C8-84D8-6B554C22C0BA}.Debug|x64.ActiveCfg = Debug|x64
		{93A76025-6FF9-48C8-84D8-6B554C22C0BA}.Debug|x64.Build.0 = Debug|x64
		{93A76025-6FF9-48C8-84D8-6B554C22C0BA}.Debug|x64.Deploy.0 = Debug|x64
		{93A76025-6FF9-48C8-84D8-6B554C22C0BA}.Debug|ARM64.ActiveCfg = Debug|ARM64
		{93A76025-6FF9-48C8-84D8-6B554C22C0BA}.Debug|ARM64.Build.0 = Debug|ARM64
		{93A76025-6FF9-48C8-84D8-6B554C22C0BA}.Debug|ARM64.Deploy.0 = Debug|ARM64
		{93A76025-6FF9-48C8-84D8-6B554C22C0BA}.Release|Win32.ActiveCfg = Release|Win32
		{93A76025-6FF9-48C8-84D8-6B554C22C0BA}.Release|Win32.Build.0 = Release|Win32
		{93A76025-6FF9-48C8-84D8-6B554C22C0BA}.Release|Win32.Deploy.0 = Release|Win32
		{93A76025-6FF9-48C8-84D8-6B554C22C0BA}.Release|x64.ActiveCfg = Release|x64
		{93A76025-6FF9-48C8-84D8-6B554C22C0BA}.Release|x64.Build.0 = Release|x64
		{93A76025-6FF9-48C8-84D8-6B554C22C0BA}.Release|x64.Deploy.0 = Release|x64
		{93A76025-6FF9-48C8-84D8-6B554C22C0BA}.Release|ARM64.ActiveCfg = Release|ARM64
		{93A76025-6FF9-48C8-84D8-6B554C22C0BA}.Release|ARM64.Build.0 = Release|ARM64
		{93A76025-6FF9-48C8-84D8-6B554C22C0BA}.Release|ARM64.Deploy.0 = Release|ARM64
		{A4B0F12D-D3E1-462B-901C-FCF1D6927339}.Debug|Win32.ActiveCfg = Debug|Win32
		{A4B0F12D-D3E1-462B-901C-FCF1D6927339}.Debug|Win32.Build.0 = Debug|Win32
		{A4B0F12D-D3E1-462B-901C-FCF1D6927339}.Debug|Win32.Deploy.0 = Debug|Win32
		{A4B0F12D-D3E1-462B-901C-FCF1D6927339}.Debug|x64.ActiveCfg = Debug|x64
		{A4B0F12D-D3E1-462B-901C-FCF1D6927339}.Debug|x64.Build.0 = Debug|x64
		{A4B0F12D-D3E1-462B-901C-FCF1D6927339}.Debug|x64.Deploy.0 = Debug|x64
		{A4B0F12D-D3E1-462B-901C-FCF1D6927339}.Debug|ARM64.ActiveCfg = Debug|ARM64
		{A4B0F12D-D3E1-462B-901C-FCF1D6927339}.Debug|ARM64.Build.0 = Debug|ARM64
		{A4B0F12D-D3E1-462B-901C-FCF1D6927339}.Debug|ARM64.Deploy.0 = Debug|ARM64
		{A4B0F12D-D3E1-462B-901C-FCF1D6927339}.Release|Win32.ActiveCfg = Release|Win32
		{A4B0F12D-D3E1-462B-901C-FCF1D6927339}.Release|Win32.Build.0 = Release|Win32
		{A4B0F12D-D3E1-462B-901C-FCF1D6927339}.Release|Win32.Deploy.0 = Release|Win32
		{A4B0F12D-D3E1-462B-901C-FCF1D6927339}.Release|x64.ActiveCfg = Release|x64
		{A4B0F12D-D3E1-462B-901C-FCF1D6927339}.Release|x64.Build.0 = Release|x64
		{A4B0F12D-D3E1-462B-901C-FCF1D6927339}.Release|x64.Deploy.0 = Release|x64
		{A4B0F12D-D3E1-462B-901C-FCF1D6927339}.Release|ARM64.ActiveCfg = Release|ARM64
		{A4B0F12D-D3E1-462B-901C-FCF1D6927339}.Release|ARM64.Build.0 = Release|ARM64
		{A4B0F12D-D3E1-462B-901C-FCF1D6927339}.Release|ARM64.Deploy.0 = Release|ARM64
		{84D15F74-BBAF-46F8-AC0F-FD47DDDA0ED1}.Debug|Win32.ActiveCfg = Debug|Win32
		{84D15F74-BBAF-46F8-AC0F-FD47DDDA0ED1}.Debug|Win32.Build.0 = Debug|Win32
		{84D15F74-BBAF-46F8-AC0F-FD47DDDA0ED1}.Debug|Win32.Deploy.0 = Debug|Win32
		{84D15F74-BBAF-46F8-AC0F-FD47DDDA0ED1}.Debug|x64.ActiveCfg = Debug|x64
		{84D15F74-BBAF-46F8-AC0F-FD47DDDA0ED1}.Debug|x64.Build.0 = Debug|x64
		{84D15F74-BBAF-46F8-AC0F-FD47DDDA0ED1}.Debug|x64.Deploy.0 = Debug|x64
		{84D15F74-BBAF-46F8-AC0F-FD47DDDA0ED1}.Debug|ARM64.ActiveCfg = Debug|ARM64
		{84D15F74-BBAF-46F8-AC0F-FD47DDDA0ED1}.Debug|ARM64.Build.0 = Debug|ARM64
		{84D15F74-BBAF-46F8-AC0F-FD47DDDA0ED1}.Debug|ARM64.Deploy.0 = Debug|ARM64
		{84D15F74-BBAF-46F8-AC0F-FD47DDDA0ED1}.Release|Win32.ActiveCfg = Release|Win32
		{84D15F74-BBAF-46F8-AC0F-FD47DDDA0ED1}.Release|Win32.Build.0 = Release|Win32
		{84D15F74-BBAF-46F8-AC0F-FD47DDDA0ED1}.Release|Win32.Deploy.0 = Release|Win32
		{84D15F74-BBAF-46F8-AC0F-FD47DDDA0ED1}.Release|x64.ActiveCfg = Release|x64
		{84D15F74-BBAF-46F8-AC0F-FD47DDDA0ED1}.Release|x64.Build.0 = Release|x64
		{84D15F74-BBAF-46F8-AC0F-FD47DDDA0ED1}.Release|x64.Deploy.0 = Release|x64
		{84D15F74-BBAF-46F8-AC0F-FD47DDDA0ED1}.Release|ARM64.ActiveCfg = Release|ARM64
		{84D15F74-BBAF-46F8-AC0F-FD47DDDA0ED1}.Release|ARM64.Build.0 = Release|ARM64
		{84D15F74-BBAF-46F8-AC0F-FD47DDDA0ED1}.Release|ARM64.Deploy.0 = Release|ARM64
		{2A0B45EF-753D-456E-97D5-79A37D3CA4B5}.Debug|Win32.ActiveCfg = Debug|Win32
		{2A0B45EF-753D-456E-97D5-79A37D3CA4B5}.Debug|Win32.Build.0 = Debug|Win32
		{2A0B45EF-753D-456E-97D5-79A37D3CA4B5}.Debug|Win32.Deploy.0 = Debug|Win32
		{2A0B45EF-753D-456E-97D5-79A37D3CA4B5}.Debug|x64.ActiveCfg = Debug|x64
		{2A0B45EF-753D-456E-97D5-79A37D3CA4B5}.Debug|x64.Build.0 = Debug|x64
		{2A0B45EF-753D-456E-97D5-79A37D3CA4B5}.Debug|x64.Deploy.0 = Debug|x64
		{2A0B45EF-753D-456E-97D5-79A37D3CA4B5}.Debug|ARM64.ActiveCfg = Debug|ARM64
		{2A0B45EF-753D-456E-97D5-79A37D3CA4B5}.Debug|ARM64.Build.0 = Debug|ARM64
		{2A0B45EF-753D-456E-97D5-79A37D3CA4B5}.Debug|ARM64.Deploy.0 = Debug|ARM64
		{2A0B45EF-753D-456E-97D5-79A37D3CA4B5}.Release|Win32.ActiveCfg = Release|Win32
		{2A0B45EF-753D-456E-97D5-79A37D3CA4B5}.Release|Win32.Build.0 = Release|Win32
		{2A0B45EF-753D-456E-97D5-79A37D3CA4B5}.Release|Win32.Deploy.0 = Release|Win32
		{2A0B45EF-753D-456E-97D5-79A37D3CA4B5}.Release|x64.ActiveCfg = Release|x64
		{2A0B45EF-753D-456E-97D5-79A37D3CA4B5}.Release|x64.Build.0 = Release|x64
		{2A0B45EF-753D-456E-97D5-79A37D3CA4B5}.Release|x64.Deploy.0 = Release|x64
		{2A0B45EF-753D-456E-97D5-79A37D3CA4B5}.Release|ARM64.ActiveCfg = Release|ARM64
		{2A0B45EF-753D-456E-97D5-79A37D3CA4B5}.Release|ARM64.Build.0 = Release|ARM64
		{2A0B45EF-753D-456E-97D5-79A37D3CA4B5}.Release|ARM64.Deploy.0 = Release|ARM64
		{B0ECB26D-D8A9-4B29-BD3A-4CFCCE015102}.Debug|Win32.ActiveCfg = Debug|Win32
		{B0ECB26D-D8A9-4B29-BD3A-4CFCCE015102}.Debug|Win32.Build.0 = Debug|Win32
		{B0ECB26D-D8A9-4B29-BD3A-4CFCCE015102}.Debug|Win32.Deploy.0 = Debug|Win32
		{B0ECB26D-D8A9-4B29-BD3A-4CFCCE015102}.Debug|x64.ActiveCfg = Debug|x64
		{B0ECB26D-D8A9-4B29-BD3A-4CFCCE015102}.Debug|x64.Build.0 = Debug|x64
		{B0ECB26D-D8A9-4B29-BD3A-4CFCCE015102}.Debug|x64.Deploy.0 = Debug|x64
		{B0ECB26D-D8A9-4B29-BD3A-4CFCCE015102}.Debug|ARM64.ActiveCfg = Debug|ARM64
		{B0ECB26D-D8A9-4B29-BD3A-4CFCCE015102}.Debug|ARM64.Build.0 = Debug|ARM64
		{B0ECB26D-D8A9-4B29-BD3A-4CFCCE015102}.Debug|ARM64.Deploy.0 = Debug|ARM64
		{B0ECB26D-D8A9-4B29-BD3A-4CFCCE015102}.Release|Win32.ActiveCfg = Release|Win32
		{B0ECB26D-D8A9-4B29-BD3A-4CFCCE015102}.Release|Win32.Build.0 = Release|Win32
		{B0ECB26D-D8A9-4B29-BD3A-4CFCCE015102}.Release|Win32.Deploy.0 = Release|Win32
		{B0ECB26D-D8A9-4B29-BD3A-4CFCCE015102}.Release|x64.ActiveCfg = Release|x64
		{B0ECB26D-D8A9-4B29-BD3A-4CFCCE015102}.Release|x64.Build.0 = Release|x64
		{B0ECB26D-D8A9-4B29-BD3A-4CFCCE015102}.Release|x64.Deploy.0 = Release|x64
		{B0ECB26D-D8A9-4B29-BD3A-4CFCCE015102}.Release|ARM64.ActiveCfg = Release|ARM64
		{B0ECB26D-D8A9-4B29-BD3A-4CFCCE015102}.Release|ARM64.Build.0 = Release|ARM64
		{B0ECB26D-D8A9-4B29-BD3A-4CFCCE015102}.Release|ARM64.Deploy.0 = Release|ARM64
		{373B56C4-504A-44B2-B4E5-B3E22DA78252}.Debug|Win32.ActiveCfg = Debug|Win32
		{373B56C4-504A-44B2-B4E5-B3E22DA78252}.Debug|Win32.Build.0 = Debug|Win32
		{373B56C4-504A-44B2-B4E5-B3E22DA78252}.Debug|Win32.Deploy.0 = Debug|Win32
		{373B56C4-504A-44B2-B4E5-B3E22DA78252}.Debug|x64.ActiveCfg = Debug|x64
		{373B56C4-504A-44B2-B4E5-B3E22DA78252}.Debug|x64.Build.0 = Debug|x64
		{373B56C4-504A-44B2-B4E5-B3E22DA78252}.Debug|x64.Deploy.0 = Debug|x64
		{373B56C4-504A-44B2-B4E5-B3E22DA78252}.Debug|ARM64.ActiveCfg = Debug|ARM64
		{373B56C4-504A-44B2-B4E5-B3E22DA78252}.Debug|ARM64.Build.0 = Debug|ARM64
		{373B56C4-504A-44B2-B4E5-B3E22DA78252}.Debug|ARM64.Deploy.0 = Debug|ARM64
		{373B56C4-504A-44B2-B4E5-B3E22DA78252}.Release|Win32.ActiveCfg = Release|Win32
		{373B56C4-504A-44B2-B4E5-B3E22DA78252}.Release|Win32.Build.0 = Release|Win32
		{373B56C4-504A-44B2-B4E5-B3E22DA78252}.Release|Win32.Deploy.0 = Release|Win32
		{373B56C4-504A-44B2-B4E5-B3E22DA78252}.Release|x64.ActiveCfg = Release|x64
		{373B56C4-504A-44B2-B4E5-B3E22DA78252}.Release|x64.Build.0 = Release|x64
		{373B56C4-504A-44B2-B4E5-B3E22DA78252}.Release|x64.Deploy.0 = Release|x64
		{373B56C4-504A-44B2-B4E5-B3E22DA78252}.Release|ARM64.ActiveCfg = Release|ARM64
		{373B56C4-504A-44B2-B4E5-B3E22DA78252}.Release|ARM64.Build.0 = Release|ARM64
		{373B56C4-504A-44B2-B4E5-B3E22DA78252}.Release|ARM64.Deploy.0 = Release|ARM64
		{D01CDD03-ED3C-4062-A062-CDF1995623FF}.Debug|Win32.ActiveCfg = Debug|Win32
		{D01CDD03-ED3C-4062-A062-CDF1995623FF}.Debug|Win32.Build.0 = Debug|Win32
		{D01CDD03-ED3C-4062-A062-CDF1995623FF}.Debug|Win32.Deploy.0 = Debug|Win32
		{D01CDD03-ED3C-4062-A062-CDF1995623FF}.Debug|x64.ActiveCfg = Debug|x64
		{D01CDD03-ED3C-4062-A062-CDF1995623FF}.Debug|x64.Build.0 = Debug|x64
		{D01CDD03-ED3C-4062-A062-CDF1995623FF}.Debug|x64.Deploy.0 = Debug|x64
		{D01CDD03-ED3C-4062-A062-CDF1995623FF}.Debug|ARM64.ActiveCfg = Debug|ARM64
		{D01CDD03-ED3C-4062-A062-CDF1995623FF}.Debug|ARM64.Build.0 = Debug|ARM64
		{D01CDD03-ED3C-4062-A062-CDF1995623FF}.Debug|ARM64.Deploy.0 = Debug|ARM64
		{D01CDD03-ED3C-4062-A062-CDF1995623FF}.Release|Win32.ActiveCfg = Release|Win32
		{D01CDD03-ED3C-4062-A062-CDF1995623FF}.Release|Win32.Build.0 = Release|Win32
		{D01CDD03-ED3C-4062-A062-CDF1995623FF}.Release|Win32.Deploy.0 = Release|Win32
		{D01CDD03-ED3C-4062-A062-CDF1995623FF}.Release|x64.ActiveCfg = Release|x64
		{D01CDD03-ED3C-4062-A062-CDF1995623FF}.Release|x64.Build.0 = Release|x64
		{D01CDD03-ED3C-4062-A062-CDF1995623FF}.Release|x64.Deploy.0 = Release|x64
		{D01CDD03-ED3C-4062-A062-CDF1995623FF}.Release|ARM64.ActiveCfg = Release|ARM64
		{D01CDD03-ED3C-4062-A062-CDF1995623FF}.Release|ARM64.Build.0 = Release|ARM64
		{D01CDD03-ED3C-4062-A062-CDF1995623FF}.Release|ARM64.Deploy.0 = Release|ARM64
		{16AB5254-D2C6-40AC-B868-D6B26BFB4E1E}.Debug|Win32.ActiveCfg = Debug|Win32
		{16AB5254-D2C6-40AC-B868-D6B26BFB4E1E}.Debug|Win32.Build.0 = Debug|Win32
		{16AB5254-D2C6-40AC-B868-D6B26BFB4E1E}.Debug|Win32.Deploy.0 = Debug|Win32
		{16AB5254-D2C6-40AC-B868-D6B26BFB4E1E}.Debug|x64.ActiveCfg = Debug|x64
		{16AB5254-D2C6-40AC-B868-D6B26BFB4E1E}.Debug|x64.Build.0 = Debug|x64
		{16AB5254-D2C6-40AC-B868-D6B26BFB4E1E}.Debug|x64.Deploy.0 = Debug|x64
		{16AB5254-D2C6-40AC-B868-D6B26BFB4E1E}.Debug|ARM64.ActiveCfg = Debug|ARM64
		{16AB5254-D2C6-40AC-B868-D6B26BFB4E1E}.Debug|ARM64.Build.0 = Debug|ARM64
		{16AB5254-D2C6-40AC-B868-D6B26BFB4E1E}.Debug|ARM64.Deploy.0 = Debug|ARM64
		{16AB5254-D2C6-40AC-B868-D6B26BFB4E1E}.Release|Win32.ActiveCfg = Release|Win32
		{16AB5254-D2C6-40AC-B868-D6B26BFB4E1E}.Release|Win32.Build.0 = Release|Win32
		{16AB5254-D2C6-40AC-B868-D6B26BFB4E1E}.Release|Win32.Deploy.0 = Release|Win32
		{16AB5254-D2C6-40AC-B868-D6B26BFB4E1E}.Release|x64.ActiveCfg = Release|x64
		{16AB5254-D2C6-40AC-B868-D6B26BFB4E1E}.Release|x64.Build.0 = Release|x64
		{16AB5254-D2C6-40AC-B868-D6B26BFB4E1E}.Release|x64.Deploy.0 = Release|x64
		{16AB5254-D2C6-40AC-B868-D6B26BFB4E1E}.Release|ARM64.ActiveCfg = Release|ARM64
		{16AB5254-D2C6-40AC-B868-D6B26BFB4E1E}.Release|ARM64.Build.0 = Release|ARM64
		{16AB5254-D2C6-40AC-B868-D6B26BFB4E1E}.Release|ARM64.Deploy.0 = Release|ARM64
		{98209C69-9028-47BF-8355-CED534CED8FD}.Debug|Win32.ActiveCfg = Debug|Win32
		{98209C69-9028-47BF-8355-CED534CED8FD}.Debug|Win32.Build.0 = Debug|Win32
		{98209C69-9028-47BF-8355-CED534CED8FD}.Debug|Win32.Deploy.0 = Debug|Win32
		{98209C69-9028-47BF-8355-CED534CED8FD}.Debug|x64.ActiveCfg = Debug|x64
		{98209C69-9028-47BF-8355-CED534CED8FD}.Debug|x64.Build.0 = Debug|x64
		{98209C69-9028-47BF-8355-CED534CED8FD}.Debug|x64.Deploy.0 = Debug|x64
		{98209C69-9028-47BF-8355-CED534CED8FD}.Debug|ARM64.ActiveCfg = Debug|ARM64
		{98209C69-9028-47BF-8355-CED534CED8FD}.Debug|ARM64.Build.0 = Debug|ARM64
		{98209C69-9028-47BF-8355-CED534CED8FD}.Debug|ARM64.Deploy.0 = Debug|ARM64
		{98209C69-9028-47BF-8355-CED534CED8FD}.Release|Win32.ActiveCfg = Release|Win32
		{98209C69-9028-47BF-8355-CED534CED8FD}.Release|Win32.Build.0 = Release|Win32
		{98209C69-9028-47BF-8355-CED534CED8FD}.Release|Win32.Deploy.0 = Release|Win32
		{98209C69-9028-47BF-8355-CED534CED8FD}.Release|x64.ActiveCfg = Release|x64
		{98209C69-9028-47BF-8355-CED534CED8FD}.Release|x64.Build.0 = Release|x64
		{98209C69-9028-47BF-8355-CED534CED8FD}.Release|x64.Deploy.0 = Release|x64
		{98209C69-9028-47BF-8355-CED534CED8FD}.Release|ARM64.ActiveCfg = Release|ARM64
		{98209C69-9028-47BF-8355-CED534CED8FD}.Release|ARM64.Build.0 = Release|ARM64
		{98209C69-9028-47BF-8355-CED534CED8FD}.Release|ARM64.Deploy.0 = Release|ARM64
		{B9EA331E-7FA4-4B7A-A3E9-E83563F27E74}.Debug|Win32.ActiveCfg = Debug|Win32
		{B9EA331E-7FA4-4B7A-A3E9-E83563F27E74}.Debug|Win32.Build.0 = Debug|Win32
		{B9EA331E-7FA4-4B7A-A3E9-E83563F27E74}.Debug|Win32.Deploy.0 = Debug|Win32
		{B9EA331E-7FA4-4B7A-A3E9-E83563F27E74}.Debug|x64.ActiveCfg = Debug|x64
		{B9EA331E-7FA4-4B7A-A3E9-E83563F27E74}.Debug|x64.Build.0 = Debug|x64
		{B9EA331E-7FA4-4B7A-A3E9-E83563F27E74}.Debug|x64.Deploy.0 = Debug|x64
		{B9EA331E-7FA4-4B7A-A3E9-E83563F27E74}.Debug|ARM64.ActiveCfg = Debug|ARM64
		{B9EA331E-7FA4-4B7A-A3E9-E83563F27E74}.Debug|ARM64.Build.0 = Debug|ARM64
		{B9EA331E-7FA4-4B7A-A3E9-E83563F27E74}.Debug|ARM64.Deploy.0 = Debug|ARM64
		{B9EA331E-7FA4-4B7A-A3E9-E83563F27E74}.Release|Win32.ActiveCfg = Release|Win32
		{B9EA331E-7FA4-4B7A-A3E9-E83563F27E74}.Release|Win32.Build.0 = Release|Win32
		{B9EA331E-7FA4-4B7A-A3E9-E83563F27E74}.Release|Win32.Deploy.0 = Release|Win32
		{B9EA331E-7FA4-4B7A-A3E9-E83563F27E74}.Release|x64.ActiveCfg = Release|x64
		{B9EA331E-7FA4-4B7A-A3E9-E83563F27E74}.Release|x64.Build.0 = Release|x64
		{B9EA331E-7FA4-4B7A-A3E9-E83563F27E74}.Release|x64.Deploy.0 = Release|x64
		{B9EA331E-7FA4-4B7A-A3E9-E83563F27E74}.Release|ARM64.ActiveCfg = Release|ARM64
		{B9EA331E-7FA4-4B7A-A3E9-E83563F27E74}.Release|ARM64.Build.0 = Release|ARM64
		{B9EA331E-7FA4-4B7A-A3E9-E83563F27E74}.Release|ARM64.Deploy.0 = Release|ARM64
		{F58E3476-A09D-454E-84FF-4B2CA64331EB}.Debug|Win32.ActiveCfg = Debug|Win32
		{F58E3476-A09D-454E-84FF-4B2CA64331EB}.Debug|Win32.Build.0 = Debug|Win32
		{F58E3476-A09D-454E-84FF-4B2CA64331EB}.Debug|Win32.Deploy.0 = Debug|Win32
		{F58E3476-A09D-454E-84FF-4B2CA64331EB}.Debug|x64.ActiveCfg = Debug|x64
		{F58E3476-A09D-454E-84FF-4B2CA64331EB}.Debug|x64.Build.0 = Debug|x64
		{F58E3476-A09D-454E-84FF-4B2CA64331EB}.Debug|x64.Deploy.0 = Debug|x64
		{F58E3476-A09D-454E-84FF-4B2CA64331EB}.Debug|ARM64.ActiveCfg = Debug|ARM64
		{F58E3476-A09D-454E-84FF-4B2CA64331EB}.Debug|ARM64.Build.0 = Debug|ARM64
		{F58E3476-A09D-454E-84FF-4B2CA64331EB}.Debug|ARM64.Deploy.0 = Debug|ARM64
		{F58E3476-A09D-454E-84FF-4B2CA64331EB}.Release|Win32.ActiveCfg = Release|Win32
		{F58E3476-A09D-454E-84FF-4B2CA64331EB}.Release|Win32.Build.0 = Release|Win32
		{F58E3476-A09D-454E-84FF-4B2CA64331EB}.Release|Win32.Deploy.0 = Release|Win32
		{F58E3476-A09D-454E-84FF-4B2CA64331EB}.Release|x64.ActiveCfg = Release|x64
		{F58E3476-A09D-454E-84FF-4B2CA64331EB}.Release|x64.Build.0 = Release|x64
		{F58E3476-A09D-454E-84FF-4B2CA64331EB}.Release|x64.Deploy.0 = Release|x64
		{F58E3476-A09D-454E-84FF-4B2CA64331EB}.Release|ARM64.ActiveCfg = Release|ARM64
		{F58E3476-A09D-454E-84FF-4B2CA64331EB}.Release|ARM64.Build.0 = Release|ARM64
		{F58E3476-A09D-454E-84FF-4B2CA64331EB}.Release|ARM64.Deploy.0 = Release|ARM64
		{EFEF0969-7F29-40D0-B749-96DCB5A44148}.Debug|Win32.ActiveCfg = Debug|Win32
		{EFEF0969-7F29-40D0-B749-96DCB5A44148}.Debug|Win32.Build.0 = Debug|Win32
		{EFEF0969-7F29-40D0-B749-96DCB5A44148}.Debug|Win32.Deploy.0 = Debug|Win32
		{EFEF0969-7F29-40D0-B749-96DCB5A44148}.Debug|x64.ActiveCfg = Debug|x64
		{EFEF0969-7F29-40D0-B749-96DCB5A44148}.Debug|x64.Build.0 = Debug|x64
		{EFEF0969-7F29-40D0-B749-96DCB5A44148}.Debug|x64.Deploy.0 = Debug|x64
		{EFEF0969-7F29-40D0-B749-96DCB5A44148}.Debug|ARM64.ActiveCfg = Debug|ARM64
		{EFEF0969-7F29-40D0-B749-96DCB5A44148}.Debug|ARM64.Build.0 = Debug|ARM64
		{EFEF0969-7F29-40D0-B749-96DCB5A44148}.Debug|ARM64.Deploy.0 = Debug|ARM64
		{EFEF0969-7F29-40D0-B749-96DCB5A44148}.Release|Win32.ActiveCfg = Release|Win32
		{EFEF0969-7F29-40D0-B749-96DCB5A44148}.Release|Win32.Build.0 = Release|Win32
		{EFEF0969-7F29-40D0-B749-96DCB5A44148}.Release|Win32.Deploy.0 = Release|Win32
		{EFEF0969-7F29-40D0-B749-96DCB5A44148}.Release|x64.ActiveCfg = Release|x64
		{EFEF0969-7F29-40D0-B749-96DCB5A44148}.Release|x64.Build.0 = Release|x64
		{EFEF0969-7F29-40D0-B749-96DCB5A44148}.Release|x64.Deploy.0 = Release|x64
		{EFEF0969-7F29-40D0-B749-96DCB5A44148}.Release|ARM64.ActiveCfg = Release|ARM64
		{EFEF0969-7F29-40D0-B749-96DCB5A44148}.Release|ARM64.Build.0 = Release|ARM64
		{EFEF0969-7F29-40D0-B749-96DCB5A44148}.Release|ARM64.Deploy.0 = Release|ARM64
		{DE82B4B1-588E-49E6-8095-3DF1B21ACAB3}.Debug|Win32.ActiveCfg = Debug|Win32
		{DE82B4B1-588E-49E6-8095-3DF1B21ACAB3}.Debug|Win32.Build.0 = Debug|Win32
		{DE82B4B1-588E-49E6-8095-3DF1B21ACAB3}.Debug|Win32.Deploy.0 = Debug|Win32
		{DE82B4B1-588E-49E6-8095-3DF1B21ACAB3}.Debug|x64.ActiveCfg = Debug|x64
		{DE82B4B1-588E-49E6-8095-3DF1B21ACAB3}.Debug|x64.Build.0 = Debug|x64
		{DE82B4B1-588E-49E6-8095-3DF1B21ACAB3}.Debug|x64.Deploy.0 = Debug|x64
		{DE82B4B1-588E-49E6-8095-3DF1B21ACAB3}.Debug|ARM64.ActiveCfg = Debug|ARM64
		{DE82B4B1-588E-49E6-8095-3DF1B21ACAB3}.Debug|ARM64.Build.0 = Debug|ARM64
		{DE82B4B1-588E-49E6-8095-3DF1B21ACAB3}.Debug|ARM64.Deploy.0 = Debug|ARM64
		{DE82B4B1-588E-49E6-8095-3DF1B21ACAB3}.Release|Win32.ActiveCfg = Release|Win32
		{DE82B4B1-588E-49E6-8095-3DF1B21ACAB3}.Release|Win32.Build.0 = Release|Win32
		{DE82B4B1-588E-49E6-8095-3DF1B21ACAB3}.Release|Win32.Deploy.0 = Release|Win32
		{DE82B4B1-588E-49E6-8095-3DF1B21ACAB3}.Release|x64.ActiveCfg = Release|x64
		{DE82B4B1-588E-49E6-8095-3DF1B21ACAB3}.Release|x64.Build.0 = Release|x64
		{DE82B4B1-588E-49E6-8095-3DF1B21ACAB3}.Release|x64.Deploy.0 = Release|x64
		{DE82B4B1-588E-49E6-8095-3DF1B21ACAB3}.Release|ARM64.ActiveCfg = Release|ARM64
		{DE82B4B1-588E-49E6-8095-3DF1B21ACAB3}.Release|ARM64.Build.0 = Release|ARM64
		{DE82B4B1-588E-49E6-8095-3DF1B21ACAB3}.Release|ARM64.Deploy.0 = Release|ARM64
		{CEB9745F-D40D-497E-82EF-D48317C1B95B}.Debug|Win32.ActiveCfg = Debug|Win32
		{CEB9745F-D40D-497E-82EF-D48317C1B95B}.Debug|Win32.Build.0 = Debug|Win32
		{CEB9745F-D40D-497E-82EF-D48317C1B95B}.Debug|Win32.Deploy.0 = Debug|Win32
		{CEB9745F-D40D-497E-82EF-D48317C1B95B}.Debug|x64.ActiveCfg = Debug|x64
		{CEB9745F-D40D-497E-82EF-D48317C1B95B}.Debug|x64.Build.0 = Debug|x64
		{CEB9745F-D40D-497E-82EF-D48317C1B95B}.Debug|x64.Deploy.0 = Debug|x64
		{CEB9745F-D40D-497E-82EF-D48317C1B95B}.Debug|ARM64.ActiveCfg = Debug|ARM64
		{CEB9745F-D40D-497E-82EF-D48317C1B95B}.Debug|ARM64.Build.0 = Debug|ARM64
		{CEB9745F-D40D-497E-82EF-D48317C1B95B}.Debug|ARM64.Deploy.0 = Debug|ARM64
		{CEB9745F-D40D-497E-82EF-D48317C1B95B}.Release|Win32.ActiveCfg = Release|Win32
		{CEB9745F-D40D-497E-82EF-D48317C1B95B}.Release|Win32.Build.0 = Release|Win32
		{CEB9745F-D40D-497E-82EF-D48317C1B95B}.Release|Win32.Deploy.0 = Release|Win32
		{CEB9745F-D40D-497E-82EF-D48317C1B95B}.Release|x64.ActiveCfg = Release|x64
		{CEB9745F-D40D-497E-82EF-D48317C1B95B}.Release|x64.Build.0 = Release|x64
		{CEB9745F-D40D-497E-82EF-D48317C1B95B}.Release|x64.Deploy.0 = Release|x64
		{CEB9745F-D40D-497E-82EF-D48317C1B95B}.Release|ARM64.ActiveCfg = Release|ARM64
		{CEB9745F-D40D-497E-82EF-D48317C1B95B}.Release|ARM64.Build.0 = Release|ARM64
		{CEB9745F-D40D-497E-82EF-D48317C1B95B}.Release|ARM64.Deploy.0 = Release|ARM64
		{52715F1A-D3D3-4F60-AC4F-0DB6F36478EF}.Debug|Win32.ActiveCfg = Debug|Win32
		{52715F1A-D3D3-4F60-AC4F-0DB6F36478EF}.Debug|Win32.Build.0 = Debug|Win32
		{52715F1A-D3D3-4F60-AC4F-0DB6F36478EF}.Debug|Win32.Deploy.0 = Debug|Win32
		{52715F1A-D3D3-4F60-AC4F-0DB6F36478EF}.Debug|x64.ActiveCfg = Debug|x64
		{52715F1A-D3D3-4F60-AC4F-0DB6F36478EF}.Debug|x64.Build.0 = Debug|x64
		{52715F1A-D3D3-4F60-AC4F-0DB6F36478EF}.Debug|x64.Deploy.0 = Debug|x64
		{52715F1A-D3D3-4F60-AC4F-0DB6F36478EF}.Debug|ARM64.ActiveCfg = Debug|ARM64
		{52715F1A-D3D3-4F60-AC4F-0DB6F36478EF}.Debug|ARM64.Build.0 = Debug|ARM64
		{52715F1A-D3D3-4F60-AC4F-0DB6F36478EF}.Debug|ARM64.Deploy.0 = Debug|ARM64
		{52715F1A-D3D3-4F60-AC4F-0DB6F36478EF}.Release|Win32.ActiveCfg = Release|Win32
		{52715F1A-D3D3-4F60-AC4F-0DB6F36478EF}.Release|Win32.Build.0 = Release|Win32
		{52715F1A-D3D3-4F60-AC4F-0DB6F36478EF}.Release|Win32.Deploy.0 = Release|Win32
		{52715F1A-D3D3-4F60-AC4F-0DB6F36478EF}.Release|x64.ActiveCfg = Release|x64
		{52715F1A-D3D3-4F60-AC4F-0DB6F36478EF}.Release|x64.Build.0 = Release|x64
		{52715F1A-D3D3-4F60-AC4F-0DB6F36478EF}.Release|x64.Deploy.0 = Release|x64
		{52715F1A-D3D3-4F60-AC4F-0DB6F36478EF}.Release|ARM64.ActiveCfg = Release|ARM64
		{52715F1A-D3D3-4F60-AC4F-0DB6F36478EF}.Release|ARM64.Build.0 = Release|ARM64
		{52715F1A-D3D3-4F60-AC4F-0DB6F36478EF}.Release|ARM64.Deploy.0 = Release|ARM64
		{CD1F71D9-2171-4657-BDE0-E5F8CA3FD423}.Debug|Win32.ActiveCfg = Debug|Win32
		{CD1F71D9-2171-4657-BDE0-E5F8CA3FD423}.Debug|Win32.Build.0 = Debug|Win32
		{CD1F71D9-2171-4657-BDE0-E5F8CA3FD423}.Debug|Win32.Deploy.0 = Debug|Win32
		{CD1F71D9-2171-4657-BDE0-E5F8CA3FD423}.Debug|x64.ActiveCfg = Debug|x64
		{CD1F71D9-2171-4657-BDE0-E5F8CA3FD423}.Debug|x64.Build.0 = Debug|x64
		{CD1F71D9-2171-4657-BDE0-E5F8CA3FD423}.Debug|x64.Deploy.0 = Debug|x64
		{CD1F71D9-2171-4657-BDE0-E5F8CA3FD423}.Debug|ARM64.ActiveCfg = Debug|ARM64
		{CD1F71D9-2171-4657-BDE0-E5F8CA3FD423}.Debug|ARM64.Build.0 = Debug|ARM64
		{CD1F71D9-2171-4657-BDE0-E5F8CA3FD423}.Debug|ARM64.Deploy.0 = Debug|ARM64
		{CD1F71D9-2171-4657-BDE0-E5F8CA3FD423}.Release|Win32.ActiveCfg = Release|Win32
		{CD1F71D9-2171-4657-BDE0-E5F8CA3FD423}.Release|Win32.Build.0 = Release|Win32
		{CD1F71D9-2171-4657-BDE0-E5F8CA3FD423}.Release|Win32.Deploy.0 = Release|Win32
		{CD1F71D9-2171-4657-BDE0-E5F8CA3FD423}.Release|x64.ActiveCfg = Release|x64
		{CD1F71D9-2171-4657-BDE0-E5F8CA3FD423}.Release|x64.Build.0 = Release|x64
		{CD1F71D9-2171-4657-BDE0-E5F8CA3FD423}.Release|x64.Deploy.0 = Release|x64
		{CD1F71D9-2171-4657-BDE0-E5F8CA3FD423}.Release|ARM64.ActiveCfg = Release|ARM64
		{CD1F71D9-2171-4657-BDE0-E5F8CA3FD423}.Release|ARM64.Build.0 = Release|ARM64
		{CD1F71D9-2171-4657-BDE0-E5F8CA3FD423}.Release|ARM64.Deploy.0 = Release|ARM64
		{0F7DE7F6-FD2E-46B5-93D4-76FDA552E84D}.Debug|Win32.ActiveCfg = Debug|Win32
		{0F7DE7F6-FD2E-46B5-93D4-76FDA552E84D}.Debug|Win32.Build.0 = Debug|Win32
		{0F7DE7F6-FD2E-46B5-93D4-76FDA552E84D}.Debug|Win32.Deploy.0 = Debug|Win32
		{0F7DE7F6-FD2E-46B5-93D4-76FDA552E84D}.Debug|x64.ActiveCfg = Debug|x64
		{0F7DE7F6-FD2E-46B5-93D4-76FDA552E84D}.Debug|x64.Build.0 = Debug|x64
		{0F7DE7F6-FD2E-46B5-93D4-76FDA552E84D}.Debug|x64.Deploy.0 = Debug|x64
		{0F7DE7F6-FD2E-46B5-93D4-76FDA552E84D}.Debug|ARM64.ActiveCfg = Debug|ARM64
		{0F7DE7F6-FD2E-46B5-93D4-76FDA552E84D}.Debug|ARM64.Build.0 = Debug|ARM64
		{0F7DE7F6-FD2E-46B5-93D4-76FDA552E84D}.Debug|ARM64.Deploy.0 = Debug|ARM64
		{0F7DE7F6-FD2E-46B5-93D4-76FDA552E84D}.Release|Win32.ActiveCfg = Release|Win32
		{0F7DE7F6-FD2E-46B5-93D4-76FDA552E84D}.Release|Win32.Build.0 = Release|Win32
		{0F7DE7F6-FD2E-46B5-93D4-76FDA552E84D}.Release|Win32.Deploy.0 = Release|Win32
		{0F7DE7F6-FD2E-46B5-93D4-76FDA552E84D}.Release|x64.ActiveCfg = Release|x64
		{0F7DE7F6-FD2E-46B5-93D4-76FDA552E84D}.Release|x64.Build.0 = Release|x64
		{0F7DE7F6-FD2E-46B5-93D4-76FDA552E84D}.Release|x64.Deploy.0 = Release|x64
		{0F7DE7F6-FD2E-46B5-93D4-76FDA552E84D}.Release|ARM64.ActiveCfg = Release|ARM64
		{0F7DE7F6-FD2E-46B5-93D4-76FDA552E84D}.Release|ARM64.Build.0 = Release|ARM64
		{0F7DE7F6-FD2E-46B5-93D4-76FDA552E84D}.Release|ARM64.Deploy.0 = Release|ARM64
		{ED02C57A-ACAA-4CB8-BE8B-3ED256F2D2E1}.Debug|Win32.ActiveCfg = Debug|Win32
		{ED02C57A-ACAA-4CB8-BE8B-3ED256F2D2E1}.Debug|Win32.Build.0 = Debug|Win32
		{ED02C57A-ACAA-4CB8-BE8B-3ED256F2D2E1}.Debug|Win32.Deploy.0 = Debug|Win32
		{ED02C57A-ACAA-4CB8-BE8B-3ED256F2D2E1}.Debug|x64.ActiveCfg = Debug|x64
		{ED02C57A-ACAA-4CB8-BE8B-3ED256F2D2E1}.Debug|x64.Build.0 = Debug|x64
		{ED02C57A-ACAA-4CB8-BE8B-3ED256F2D2E1}.Debug|x64.Deploy.0 = Debug|x64
		{ED02C57A-ACAA-4CB8-BE8B-3ED256F2D2E1}.Debug|ARM64.ActiveCfg = Debug|ARM64
		{ED02C57A-ACAA-4CB8-BE8B-3ED256F2D2E1}.Debug|ARM64.Build.0 = Debug|ARM64
		{ED02C57A-ACAA-4CB8-BE8B-3ED256F2D2E1}.Debug|ARM64.Deploy.0 = Debug|ARM64
		{ED02C57A-ACAA-4CB8-BE8B-3ED256F2D2E1}.Release|Win32.ActiveCfg = Release|Win32
		{ED02C57A-ACAA-4CB8-BE8B-3ED256F2D2E1}.Release|Win32.Build.0 = Release|Win32
		{ED02C57A-ACAA-4CB8-BE8B-3ED256F2D2E1}.Release|Win32.Deploy.0 = Release|Win32
		{ED02C57A-ACAA-4CB8-BE8B-3ED256F2D2E1}.Release|x64.ActiveCfg = Release|x64
		{ED02C57A-ACAA-4CB8-BE8B-3ED256F2D2E1}.Release|x64.Build.0 = Release|x64
		{ED02C57A-ACAA-4CB8-BE8B-3ED256F2D2E1}.Release|x64.Deploy.0 = Release|x64
		{ED02C57A-ACAA-4CB8-BE8B-3ED256F2D2E1}.Release|ARM64.ActiveCfg = Release|ARM64
		{ED02C57A-ACAA-4CB8-BE8B-3ED256F2D2E1}.Release|ARM64.Build.0 = Release|ARM64
		{ED02C57A-ACAA-4CB8-BE8B-3ED256F2D2E1}.Release|ARM64.Deploy.0 = Release|ARM64
	EndGlobalSection
	GlobalSection(SolutionProperties) = preSolution
		HideSolutionNode = FALSE
	EndGlobalSection
EndGlobal
