
Microsoft Visual Studio Solution File, Format Version 11.00
# Visual Studio 15
Project("{8BC9CEB8-8B4A-11D0-8D11-00A0C91BC942}") = "3d", "3d.vcxproj", "{FF34B010-9393-43CF-9CBB-EF0B9376BB5C}"
EndProject
Project("{8BC9CEB8-8B4A-11D0-8D11-00A0C91BC942}") = "3d_multi", "3d_multi.vcxproj", "{405829C3-FADF-4C73-A5AB-3711FD112956}"
EndProject
Project("{8BC9CEB8-8B4A-11D0-8D11-00A0C91BC942}") = "event_parameter", "event_parameter.vcxproj", "{27392F75-2BCF-4A96-8D66-14D25C5C2BE4}"
EndProject
Project("{8BC9CEB8-8B4A-11D0-8D11-00A0C91BC942}") = "load_banks", "load_banks.vcxproj", "{2B17BD4F-7A76-4CA3-B9A4-964A3D06A9B6}"
EndProject
Project("{8BC9CEB8-8B4A-11D0-8D11-00A0C91BC942}") = "music_callbacks", "music_callbacks.vcxproj", "{AE716B5B-AF9F-462D-8A77-D527EAF7AC28}"
EndProject
Project("{8BC9CEB8-8B4A-11D0-8D11-00A0C91BC942}") = "objectpan", "objectpan.vcxproj", "{1A2EB855-270F-47C9-B60C-E32BCC7663FB}"
EndProject
Project("{8BC9CEB8-8B4A-11D0-8D11-00A0C91BC942}") = "programmer_sound", "programmer_sound.vcxproj", "{37B64630-DD7F-4ED1-9D6A-BCA080C4F077}"
EndProject
Project("{8BC9CEB8-8B4A-11D0-8D11-00A0C91BC942}") = "recording_playback", "recording_playback.vcxproj", "{87E72BEE-473A-4A2D-8960-F24EA3B0464C}"
EndProject
Project("{8BC9CEB8-8B4A-11D0-8D11-00A0C91BC942}") = "simple_event", "simple_event.vcxproj", "{2DAFD0CE-A44D-432D-AEE9-B405832CF21C}"
EndProject
Global
	GlobalSection(SolutionConfigurationPlatforms) = preSolution
		Debug|Win32 = Debug|Win32
		Debug|x64 = Debug|x64
		Debug|ARM64 = Debug|ARM64
		Release|Win32 = Release|Win32
		Release|x64 = Release|x64
		Release|ARM64 = Release|ARM64
	EndGlobalSection
	GlobalSection(ProjectConfigurationPlatforms) = postSolution
		{FF34B010-9393-43CF-9CBB-EF0B9376BB5C}.Debug|Win32.ActiveCfg = Debug|Win32
		{FF34B010-9393-43CF-9CBB-EF0B9376BB5C}.Debug|Win32.Build.0 = Debug|Win32
		{FF34B010-9393-43CF-9CBB-EF0B9376BB5C}.Debug|Win32.Deploy.0 = Debug|Win32
		{FF34B010-9393-43CF-9CBB-EF0B9376BB5C}.Debug|x64.ActiveCfg = Debug|x64
		{FF34B010-9393-43CF-9CBB-EF0B9376BB5C}.Debug|x64.Build.0 = Debug|x64
		{FF34B010-9393-43CF-9CBB-EF0B9376BB5C}.Debug|x64.Deploy.0 = Debug|x64
		{FF34B010-9393-43CF-9CBB-EF0B9376BB5C}.Debug|ARM64.ActiveCfg = Debug|ARM64
		{FF34B010-9393-43CF-9CBB-EF0B9376BB5C}.Debug|ARM64.Build.0 = Debug|ARM64
		{FF34B010-9393-43CF-9CBB-EF0B9376BB5C}.Debug|ARM64.Deploy.0 = Debug|ARM64
		{FF34B010-9393-43CF-9CBB-EF0B9376BB5C}.Release|Win32.ActiveCfg = Release|Win32
		{FF34B010-9393-43CF-9CBB-EF0B9376BB5C}.Release|Win32.Build.0 = Release|Win32
		{FF34B010-9393-43CF-9CBB-EF0B9376BB5C}.Release|Win32.Deploy.0 = Release|Win32
		{FF34B010-9393-43CF-9CBB-EF0B9376BB5C}.Release|x64.ActiveCfg = Release|x64
		{FF34B010-9393-43CF-9CBB-EF0B9376BB5C}.Release|x64.Build.0 = Release|x64
		{FF34B010-9393-43CF-9CBB-EF0B9376BB5C}.Release|x64.Deploy.0 = Release|x64
		{FF34B010-9393-43CF-9CBB-EF0B9376BB5C}.Release|ARM64.ActiveCfg = Release|ARM64
		{FF34B010-9393-43CF-9CBB-EF0B9376BB5C}.Release|ARM64.Build.0 = Release|ARM64
		{FF34B010-9393-43CF-9CBB-EF0B9376BB5C}.Release|ARM64.Deploy.0 = Release|ARM64
		{405829C3-FADF-4C73-A5AB-3711FD112956}.Debug|Win32.ActiveCfg = Debug|Win32
		{405829C3-FADF-4C73-A5AB-3711FD112956}.Debug|Win32.Build.0 = Debug|Win32
		{405829C3-FADF-4C73-A5AB-3711FD112956}.Debug|Win32.Deploy.0 = Debug|Win32
		{405829C3-FADF-4C73-A5AB-3711FD112956}.Debug|x64.ActiveCfg = Debug|x64
		{405829C3-FADF-4C73-A5AB-3711FD112956}.Debug|x64.Build.0 = Debug|x64
		{405829C3-FADF-4C73-A5AB-3711FD112956}.Debug|x64.Deploy.0 = Debug|x64
		{405829C3-FADF-4C73-A5AB-3711FD112956}.Debug|ARM64.ActiveCfg = Debug|ARM64
		{405829C3-FADF-4C73-A5AB-3711FD112956}.Debug|ARM64.Build.0 = Debug|ARM64
		{405829C3-FADF-4C73-A5AB-3711FD112956}.Debug|ARM64.Deploy.0 = Debug|ARM64
		{405829C3-FADF-4C73-A5AB-3711FD112956}.Release|Win32.ActiveCfg = Release|Win32
		{405829C3-FADF-4C73-A5AB-3711FD112956}.Release|Win32.Build.0 = Release|Win32
		{405829C3-FADF-4C73-A5AB-3711FD112956}.Release|Win32.Deploy.0 = Release|Win32
		{405829C3-FADF-4C73-A5AB-3711FD112956}.Release|x64.ActiveCfg = Release|x64
		{405829C3-FADF-4C73-A5AB-3711FD112956}.Release|x64.Build.0 = Release|x64
		{405829C3-FADF-4C73-A5AB-3711FD112956}.Release|x64.Deploy.0 = Release|x64
		{405829C3-FADF-4C73-A5AB-3711FD112956}.Release|ARM64.ActiveCfg = Release|ARM64
		{405829C3-FADF-4C73-A5AB-3711FD112956}.Release|ARM64.Build.0 = Release|ARM64
		{405829C3-FADF-4C73-A5AB-3711FD112956}.Release|ARM64.Deploy.0 = Release|ARM64
		{27392F75-2BCF-4A96-8D66-14D25C5C2BE4}.Debug|Win32.ActiveCfg = Debug|Win32
		{27392F75-2BCF-4A96-8D66-14D25C5C2BE4}.Debug|Win32.Build.0 = Debug|Win32
		{27392F75-2BCF-4A96-8D66-14D25C5C2BE4}.Debug|Win32.Deploy.0 = Debug|Win32
		{27392F75-2BCF-4A96-8D66-14D25C5C2BE4}.Debug|x64.ActiveCfg = Debug|x64
		{27392F75-2BCF-4A96-8D66-14D25C5C2BE4}.Debug|x64.Build.0 = Debug|x64
		{27392F75-2BCF-4A96-8D66-14D25C5C2BE4}.Debug|x64.Deploy.0 = Debug|x64
		{27392F75-2BCF-4A96-8D66-14D25C5C2BE4}.Debug|ARM64.ActiveCfg = Debug|ARM64
		{27392F75-2BCF-4A96-8D66-14D25C5C2BE4}.Debug|ARM64.Build.0 = Debug|ARM64
		{27392F75-2BCF-4A96-8D66-14D25C5C2BE4}.Debug|ARM64.Deploy.0 = Debug|ARM64
		{27392F75-2BCF-4A96-8D66-14D25C5C2BE4}.Release|Win32.ActiveCfg = Release|Win32
		{27392F75-2BCF-4A96-8D66-14D25C5C2BE4}.Release|Win32.Build.0 = Release|Win32
		{27392F75-2BCF-4A96-8D66-14D25C5C2BE4}.Release|Win32.Deploy.0 = Release|Win32
		{27392F75-2BCF-4A96-8D66-14D25C5C2BE4}.Release|x64.ActiveCfg = Release|x64
		{27392F75-2BCF-4A96-8D66-14D25C5C2BE4}.Release|x64.Build.0 = Release|x64
		{27392F75-2BCF-4A96-8D66-14D25C5C2BE4}.Release|x64.Deploy.0 = Release|x64
		{27392F75-2BCF-4A96-8D66-14D25C5C2BE4}.Release|ARM64.ActiveCfg = Release|ARM64
		{27392F75-2BCF-4A96-8D66-14D25C5C2BE4}.Release|ARM64.Build.0 = Release|ARM64
		{27392F75-2BCF-4A96-8D66-14D25C5C2BE4}.Release|ARM64.Deploy.0 = Release|ARM64
		{2B17BD4F-7A76-4CA3-B9A4-964A3D06A9B6}.Debug|Win32.ActiveCfg = Debug|Win32
		{2B17BD4F-7A76-4CA3-B9A4-964A3D06A9B6}.Debug|Win32.Build.0 = Debug|Win32
		{2B17BD4F-7A76-4CA3-B9A4-964A3D06A9B6}.Debug|Win32.Deploy.0 = Debug|Win32
		{2B17BD4F-7A76-4CA3-B9A4-964A3D06A9B6}.Debug|x64.ActiveCfg = Debug|x64
		{2B17BD4F-7A76-4CA3-B9A4-964A3D06A9B6}.Debug|x64.Build.0 = Debug|x64
		{2B17BD4F-7A76-4CA3-B9A4-964A3D06A9B6}.Debug|x64.Deploy.0 = Debug|x64
		{2B17BD4F-7A76-4CA3-B9A4-964A3D06A9B6}.Debug|ARM64.ActiveCfg = Debug|ARM64
		{2B17BD4F-7A76-4CA3-B9A4-964A3D06A9B6}.Debug|ARM64.Build.0 = Debug|ARM64
		{2B17BD4F-7A76-4CA3-B9A4-964A3D06A9B6}.Debug|ARM64.Deploy.0 = Debug|ARM64
		{2B17BD4F-7A76-4CA3-B9A4-964A3D06A9B6}.Release|Win32.ActiveCfg = Release|Win32
		{2B17BD4F-7A76-4CA3-B9A4-964A3D06A9B6}.Release|Win32.Build.0 = Release|Win32
		{2B17BD4F-7A76-4CA3-B9A4-964A3D06A9B6}.Release|Win32.Deploy.0 = Release|Win32
		{2B17BD4F-7A76-4CA3-B9A4-964A3D06A9B6}.Release|x64.ActiveCfg = Release|x64
		{2B17BD4F-7A76-4CA3-B9A4-964A3D06A9B6}.Release|x64.Build.0 = Release|x64
		{2B17BD4F-7A76-4CA3-B9A4-964A3D06A9B6}.Release|x64.Deploy.0 = Release|x64
		{2B17BD4F-7A76-4CA3-B9A4-964A3D06A9B6}.Release|ARM64.ActiveCfg = Release|ARM64
		{2B17BD4F-7A76-4CA3-B9A4-964A3D06A9B6}.Release|ARM64.Build.0 = Release|ARM64
		{2B17BD4F-7A76-4CA3-B9A4-964A3D06A9B6}.Release|ARM64.Deploy.0 = Release|ARM64
		{AE716B5B-AF9F-462D-8A77-D527EAF7AC28}.Debug|Win32.ActiveCfg = Debug|Win32
		{AE716B5B-AF9F-462D-8A77-D527EAF7AC28}.Debug|Win32.Build.0 = Debug|Win32
		{AE716B5B-AF9F-462D-8A77-D527EAF7AC28}.Debug|Win32.Deploy.0 = Debug|Win32
		{AE716B5B-AF9F-462D-8A77-D527EAF7AC28}.Debug|x64.ActiveCfg = Debug|x64
		{AE716B5B-AF9F-462D-8A77-D527EAF7AC28}.Debug|x64.Build.0 = Debug|x64
		{AE716B5B-AF9F-462D-8A77-D527EAF7AC28}.Debug|x64.Deploy.0 = Debug|x64
		{AE716B5B-AF9F-462D-8A77-D527EAF7AC28}.Debug|ARM64.ActiveCfg = Debug|ARM64
		{AE716B5B-AF9F-462D-8A77-D527EAF7AC28}.Debug|ARM64.Build.0 = Debug|ARM64
		{AE716B5B-AF9F-462D-8A77-D527EAF7AC28}.Debug|ARM64.Deploy.0 = Debug|ARM64
		{AE716B5B-AF9F-462D-8A77-D527EAF7AC28}.Release|Win32.ActiveCfg = Release|Win32
		{AE716B5B-AF9F-462D-8A77-D527EAF7AC28}.Release|Win32.Build.0 = Release|Win32
		{AE716B5B-AF9F-462D-8A77-D527EAF7AC28}.Release|Win32.Deploy.0 = Release|Win32
		{AE716B5B-AF9F-462D-8A77-D527EAF7AC28}.Release|x64.ActiveCfg = Release|x64
		{AE716B5B-AF9F-462D-8A77-D527EAF7AC28}.Release|x64.Build.0 = Release|x64
		{AE716B5B-AF9F-462D-8A77-D527EAF7AC28}.Release|x64.Deploy.0 = Release|x64
		{AE716B5B-AF9F-462D-8A77-D527EAF7AC28}.Release|ARM64.ActiveCfg = Release|ARM64
		{AE716B5B-AF9F-462D-8A77-D527EAF7AC28}.Release|ARM64.Build.0 = Release|ARM64
		{AE716B5B-AF9F-462D-8A77-D527EAF7AC28}.Release|ARM64.Deploy.0 = Release|ARM64
		{1A2EB855-270F-47C9-B60C-E32BCC7663FB}.Debug|Win32.ActiveCfg = Debug|Win32
		{1A2EB855-270F-47C9-B60C-E32BCC7663FB}.Debug|Win32.Build.0 = Debug|Win32
		{1A2EB855-270F-47C9-B60C-E32BCC7663FB}.Debug|Win32.Deploy.0 = Debug|Win32
		{1A2EB855-270F-47C9-B60C-E32BCC7663FB}.Debug|x64.ActiveCfg = Debug|x64
		{1A2EB855-270F-47C9-B60C-E32BCC7663FB}.Debug|x64.Build.0 = Debug|x64
		{1A2EB855-270F-47C9-B60C-E32BCC7663FB}.Debug|x64.Deploy.0 = Debug|x64
		{1A2EB855-270F-47C9-B60C-E32BCC7663FB}.Debug|ARM64.ActiveCfg = Debug|ARM64
		{1A2EB855-270F-47C9-B60C-E32BCC7663FB}.Debug|ARM64.Build.0 = Debug|ARM64
		{1A2EB855-270F-47C9-B60C-E32BCC7663FB}.Debug|ARM64.Deploy.0 = Debug|ARM64
		{1A2EB855-270F-47C9-B60C-E32BCC7663FB}.Release|Win32.ActiveCfg = Release|Win32
		{1A2EB855-270F-47C9-B60C-E32BCC7663FB}.Release|Win32.Build.0 = Release|Win32
		{1A2EB855-270F-47C9-B60C-E32BCC7663FB}.Release|Win32.Deploy.0 = Release|Win32
		{1A2EB855-270F-47C9-B60C-E32BCC7663FB}.Release|x64.ActiveCfg = Release|x64
		{1A2EB855-270F-47C9-B60C-E32BCC7663FB}.Release|x64.Build.0 = Release|x64
		{1A2EB855-270F-47C9-B60C-E32BCC7663FB}.Release|x64.Deploy.0 = Release|x64
		{1A2EB855-270F-47C9-B60C-E32BCC7663FB}.Release|ARM64.ActiveCfg = Release|ARM64
		{1A2EB855-270F-47C9-B60C-E32BCC7663FB}.Release|ARM64.Build.0 = Release|ARM64
		{1A2EB855-270F-47C9-B60C-E32BCC7663FB}.Release|ARM64.Deploy.0 = Release|ARM64
		{37B64630-DD7F-4ED1-9D6A-BCA080C4F077}.Debug|Win32.ActiveCfg = Debug|Win32
		{37B64630-DD7F-4ED1-9D6A-BCA080C4F077}.Debug|Win32.Build.0 = Debug|Win32
		{37B64630-DD7F-4ED1-9D6A-BCA080C4F077}.Debug|Win32.Deploy.0 = Debug|Win32
		{37B64630-DD7F-4ED1-9D6A-BCA080C4F077}.Debug|x64.ActiveCfg = Debug|x64
		{37B64630-DD7F-4ED1-9D6A-BCA080C4F077}.Debug|x64.Build.0 = Debug|x64
		{37B64630-DD7F-4ED1-9D6A-BCA080C4F077}.Debug|x64.Deploy.0 = Debug|x64
		{37B64630-DD7F-4ED1-9D6A-BCA080C4F077}.Debug|ARM64.ActiveCfg = Debug|ARM64
		{37B64630-DD7F-4ED1-9D6A-BCA080C4F077}.Debug|ARM64.Build.0 = Debug|ARM64
		{37B64630-DD7F-4ED1-9D6A-BCA080C4F077}.Debug|ARM64.Deploy.0 = Debug|ARM64
		{37B64630-DD7F-4ED1-9D6A-BCA080C4F077}.Release|Win32.ActiveCfg = Release|Win32
		{37B64630-DD7F-4ED1-9D6A-BCA080C4F077}.Release|Win32.Build.0 = Release|Win32
		{37B64630-DD7F-4ED1-9D6A-BCA080C4F077}.Release|Win32.Deploy.0 = Release|Win32
		{37B64630-DD7F-4ED1-9D6A-BCA080C4F077}.Release|x64.ActiveCfg = Release|x64
		{37B64630-DD7F-4ED1-9D6A-BCA080C4F077}.Release|x64.Build.0 = Release|x64
		{37B64630-DD7F-4ED1-9D6A-BCA080C4F077}.Release|x64.Deploy.0 = Release|x64
		{37B64630-DD7F-4ED1-9D6A-BCA080C4F077}.Release|ARM64.ActiveCfg = Release|ARM64
		{37B64630-DD7F-4ED1-9D6A-BCA080C4F077}.Release|ARM64.Build.0 = Release|ARM64
		{37B64630-DD7F-4ED1-9D6A-BCA080C4F077}.Release|ARM64.Deploy.0 = Release|ARM64
		{87E72BEE-473A-4A2D-8960-F24EA3B0464C}.Debug|Win32.ActiveCfg = Debug|Win32
		{87E72BEE-473A-4A2D-8960-F24EA3B0464C}.Debug|Win32.Build.0 = Debug|Win32
		{87E72BEE-473A-4A2D-8960-F24EA3B0464C}.Debug|Win32.Deploy.0 = Debug|Win32
		{87E72BEE-473A-4A2D-8960-F24EA3B0464C}.Debug|x64.ActiveCfg = Debug|x64
		{87E72BEE-473A-4A2D-8960-F24EA3B0464C}.Debug|x64.Build.0 = Debug|x64
		{87E72BEE-473A-4A2D-8960-F24EA3B0464C}.Debug|x64.Deploy.0 = Debug|x64
		{87E72BEE-473A-4A2D-8960-F24EA3B0464C}.Debug|ARM64.ActiveCfg = Debug|ARM64
		{87E72BEE-473A-4A2D-8960-F24EA3B0464C}.Debug|ARM64.Build.0 = Debug|ARM64
		{87E72BEE-473A-4A2D-8960-F24EA3B0464C}.Debug|ARM64.Deploy.0 = Debug|ARM64
		{87E72BEE-473A-4A2D-8960-F24EA3B0464C}.Release|Win32.ActiveCfg = Release|Win32
		{87E72BEE-473A-4A2D-8960-F24EA3B0464C}.Release|Win32.Build.0 = Release|Win32
		{87E72BEE-473A-4A2D-8960-F24EA3B0464C}.Release|Win32.Deploy.0 = Release|Win32
		{87E72BEE-473A-4A2D-8960-F24EA3B0464C}.Release|x64.ActiveCfg = Release|x64
		{87E72BEE-473A-4A2D-8960-F24EA3B0464C}.Release|x64.Build.0 = Release|x64
		{87E72BEE-473A-4A2D-8960-F24EA3B0464C}.Release|x64.Deploy.0 = Release|x64
		{87E72BEE-473A-4A2D-8960-F24EA3B0464C}.Release|ARM64.ActiveCfg = Release|ARM64
		{87E72BEE-473A-4A2D-8960-F24EA3B0464C}.Release|ARM64.Build.0 = Release|ARM64
		{87E72BEE-473A-4A2D-8960-F24EA3B0464C}.Release|ARM64.Deploy.0 = Release|ARM64
		{2DAFD0CE-A44D-432D-AEE9-B405832CF21C}.Debug|Win32.ActiveCfg = Debug|Win32
		{2DAFD0CE-A44D-432D-AEE9-B405832CF21C}.Debug|Win32.Build.0 = Debug|Win32
		{2DAFD0CE-A44D-432D-AEE9-B405832CF21C}.Debug|Win32.Deploy.0 = Debug|Win32
		{2DAFD0CE-A44D-432D-AEE9-B405832CF21C}.Debug|x64.ActiveCfg = Debug|x64
		{2DAFD0CE-A44D-432D-AEE9-B405832CF21C}.Debug|x64.Build.0 = Debug|x64
		{2DAFD0CE-A44D-432D-AEE9-B405832CF21C}.Debug|x64.Deploy.0 = Debug|x64
		{2DAFD0CE-A44D-432D-AEE9-B405832CF21C}.Debug|ARM64.ActiveCfg = Debug|ARM64
		{2DAFD0CE-A44D-432D-AEE9-B405832CF21C}.Debug|ARM64.Build.0 = Debug|ARM64
		{2DAFD0CE-A44D-432D-AEE9-B405832CF21C}.Debug|ARM64.Deploy.0 = Debug|ARM64
		{2DAFD0CE-A44D-432D-AEE9-B405832CF21C}.Release|Win32.ActiveCfg = Release|Win32
		{2DAFD0CE-A44D-432D-AEE9-B405832CF21C}.Release|Win32.Build.0 = Release|Win32
		{2DAFD0CE-A44D-432D-AEE9-B405832CF21C}.Release|Win32.Deploy.0 = Release|Win32
		{2DAFD0CE-A44D-432D-AEE9-B405832CF21C}.Release|x64.ActiveCfg = Release|x64
		{2DAFD0CE-A44D-432D-AEE9-B405832CF21C}.Release|x64.Build.0 = Release|x64
		{2DAFD0CE-A44D-432D-AEE9-B405832CF21C}.Release|x64.Deploy.0 = Release|x64
		{2DAFD0CE-A44D-432D-AEE9-B405832CF21C}.Release|ARM64.ActiveCfg = Release|ARM64
		{2DAFD0CE-A44D-432D-AEE9-B405832CF21C}.Release|ARM64.Build.0 = Release|ARM64
		{2DAFD0CE-A44D-432D-AEE9-B405832CF21C}.Release|ARM64.Deploy.0 = Release|ARM64
	EndGlobalSection
	GlobalSection(SolutionProperties) = preSolution
		HideSolutionNode = FALSE
	EndGlobalSection
EndGlobal
